// !$*UTF8*$!
{
	archiveVersion = 1;
	classes = {
	};
	objectVersion = 46;
	objects = {

/* Begin PBXBuildFile section */
		3D81717719CD6C9500125961 /* VSUserGameInfomationRefreshHandle.m in Sources */ = {isa = PBXBuildFile; fileRef = 3D81717619CD6C9500125961 /* VSUserGameInfomationRefreshHandle.m */; };
		3D81717D19CD722500125961 /* VSUsersGameResult.m in Sources */ = {isa = PBXBuildFile; fileRef = 3D81717C19CD722500125961 /* VSUsersGameResult.m */; };
		3D81718019CD751900125961 /* VSChannelViewController.m in Sources */ = {isa = PBXBuildFile; fileRef = 3D81717F19CD751900125961 /* VSChannelViewController.m */; };
		3D81718319CD757D00125961 /* VSChannelSwitch.m in Sources */ = {isa = PBXBuildFile; fileRef = 3D81718219CD757D00125961 /* VSChannelSwitch.m */; };
		3DAC904B19D2A2D60039DAC3 /* game.json in Resources */ = {isa = PBXBuildFile; fileRef = 3DAC904A19D2A2D60039DAC3 /* game.json */; };
		3DAC905019D2B17A0039DAC3 /* VSGameImage.m in Sources */ = {isa = PBXBuildFile; fileRef = 3DAC904F19D2B17A0039DAC3 /* VSGameImage.m */; };
		3DAC905319D2B1840039DAC3 /* VSGameHtml.m in Sources */ = {isa = PBXBuildFile; fileRef = 3DAC905219D2B1840039DAC3 /* VSGameHtml.m */; };
		3DEC306C19CD2236009FCCFE /* Foundation.framework in Frameworks */ = {isa = PBXBuildFile; fileRef = 3DEC306B19CD2236009FCCFE /* Foundation.framework */; };
		3DEC306E19CD2236009FCCFE /* CoreGraphics.framework in Frameworks */ = {isa = PBXBuildFile; fileRef = 3DEC306D19CD2236009FCCFE /* CoreGraphics.framework */; };
		3DEC307019CD2236009FCCFE /* UIKit.framework in Frameworks */ = {isa = PBXBuildFile; fileRef = 3DEC306F19CD2236009FCCFE /* UIKit.framework */; };
		3DEC307619CD2236009FCCFE /* InfoPlist.strings in Resources */ = {isa = PBXBuildFile; fileRef = 3DEC307419CD2236009FCCFE /* InfoPlist.strings */; };
		3DEC307819CD2236009FCCFE /* main.m in Sources */ = {isa = PBXBuildFile; fileRef = 3DEC307719CD2236009FCCFE /* main.m */; };
		3DEC307C19CD2236009FCCFE /* AppDelegate.m in Sources */ = {isa = PBXBuildFile; fileRef = 3DEC307B19CD2236009FCCFE /* AppDelegate.m */; };
		3DEC307F19CD2236009FCCFE /* Main.storyboard in Resources */ = {isa = PBXBuildFile; fileRef = 3DEC307D19CD2236009FCCFE /* Main.storyboard */; };
		3DEC308419CD2236009FCCFE /* Images.xcassets in Resources */ = {isa = PBXBuildFile; fileRef = 3DEC308319CD2236009FCCFE /* Images.xcassets */; };
		3DEC308B19CD2236009FCCFE /* XCTest.framework in Frameworks */ = {isa = PBXBuildFile; fileRef = 3DEC308A19CD2236009FCCFE /* XCTest.framework */; };
		3DEC308C19CD2236009FCCFE /* Foundation.framework in Frameworks */ = {isa = PBXBuildFile; fileRef = 3DEC306B19CD2236009FCCFE /* Foundation.framework */; };
		3DEC308D19CD2236009FCCFE /* UIKit.framework in Frameworks */ = {isa = PBXBuildFile; fileRef = 3DEC306F19CD2236009FCCFE /* UIKit.framework */; };
		3DEC309519CD2236009FCCFE /* InfoPlist.strings in Resources */ = {isa = PBXBuildFile; fileRef = 3DEC309319CD2236009FCCFE /* InfoPlist.strings */; };
		3DEC309719CD2236009FCCFE /* GameBoxTests.m in Sources */ = {isa = PBXBuildFile; fileRef = 3DEC309619CD2236009FCCFE /* GameBoxTests.m */; };
		3DEC30AF19CD30F9009FCCFE /* VSChannel.m in Sources */ = {isa = PBXBuildFile; fileRef = 3DEC30AC19CD30F9009FCCFE /* VSChannel.m */; };
		3DEC30B019CD30F9009FCCFE /* VSChannelList.m in Sources */ = {isa = PBXBuildFile; fileRef = 3DEC30AE19CD30F9009FCCFE /* VSChannelList.m */; };
		3DEC30B619CD34A8009FCCFE /* VSRequest.m in Sources */ = {isa = PBXBuildFile; fileRef = 3DEC30B519CD34A8009FCCFE /* VSRequest.m */; };
		3DEC30BC19CD60E4009FCCFE /* VSGameDetailInfo.m in Sources */ = {isa = PBXBuildFile; fileRef = 3DEC30BB19CD60E4009FCCFE /* VSGameDetailInfo.m */; };
/* End PBXBuildFile section */

/* Begin PBXContainerItemProxy section */
		3DEC308E19CD2236009FCCFE /* PBXContainerItemProxy */ = {
			isa = PBXContainerItemProxy;
			containerPortal = 3DEC306019CD2236009FCCFE /* Project object */;
			proxyType = 1;
			remoteGlobalIDString = 3DEC306719CD2236009FCCFE;
			remoteInfo = GameBox;
		};
/* End PBXContainerItemProxy section */

/* Begin PBXFileReference section */
		3D81717519CD6C9500125961 /* VSUserGameInfomationRefreshHandle.h */ = {isa = PBXFileReference; fileEncoding = 4; lastKnownFileType = sourcecode.c.h; lineEnding = 0; path = VSUserGameInfomationRefreshHandle.h; sourceTree = "<group>"; xcLanguageSpecificationIdentifier = xcode.lang.objcpp; };
		3D81717619CD6C9500125961 /* VSUserGameInfomationRefreshHandle.m */ = {isa = PBXFileReference; fileEncoding = 4; lastKnownFileType = sourcecode.c.objc; lineEnding = 0; path = VSUserGameInfomationRefreshHandle.m; sourceTree = "<group>"; xcLanguageSpecificationIdentifier = xcode.lang.objc; };
		3D81717B19CD722500125961 /* VSUsersGameResult.h */ = {isa = PBXFileReference; fileEncoding = 4; lastKnownFileType = sourcecode.c.h; path = VSUsersGameResult.h; sourceTree = "<group>"; };
		3D81717C19CD722500125961 /* VSUsersGameResult.m */ = {isa = PBXFileReference; fileEncoding = 4; lastKnownFileType = sourcecode.c.objc; path = VSUsersGameResult.m; sourceTree = "<group>"; };
		3D81717E19CD751900125961 /* VSChannelViewController.h */ = {isa = PBXFileReference; fileEncoding = 4; lastKnownFileType = sourcecode.c.h; path = VSChannelViewController.h; sourceTree = "<group>"; };
		3D81717F19CD751900125961 /* VSChannelViewController.m */ = {isa = PBXFileReference; fileEncoding = 4; lastKnownFileType = sourcecode.c.objc; path = VSChannelViewController.m; sourceTree = "<group>"; };
		3D81718119CD757D00125961 /* VSChannelSwitch.h */ = {isa = PBXFileReference; fileEncoding = 4; lastKnownFileType = sourcecode.c.h; path = VSChannelSwitch.h; sourceTree = "<group>"; };
		3D81718219CD757D00125961 /* VSChannelSwitch.m */ = {isa = PBXFileReference; fileEncoding = 4; lastKnownFileType = sourcecode.c.objc; path = VSChannelSwitch.m; sourceTree = "<group>"; };
		3DAC904A19D2A2D60039DAC3 /* game.json */ = {isa = PBXFileReference; fileEncoding = 4; lastKnownFileType = text.json; name = game.json; path = Resource/game.json; sourceTree = "<group>"; };
		3DAC904E19D2B17A0039DAC3 /* VSGameImage.h */ = {isa = PBXFileReference; fileEncoding = 4; lastKnownFileType = sourcecode.c.h; path = VSGameImage.h; sourceTree = "<group>"; };
		3DAC904F19D2B17A0039DAC3 /* VSGameImage.m */ = {isa = PBXFileReference; fileEncoding = 4; lastKnownFileType = sourcecode.c.objc; path = VSGameImage.m; sourceTree = "<group>"; };
		3DAC905119D2B1840039DAC3 /* VSGameHtml.h */ = {isa = PBXFileReference; fileEncoding = 4; lastKnownFileType = sourcecode.c.h; path = VSGameHtml.h; sourceTree = "<group>"; };
		3DAC905219D2B1840039DAC3 /* VSGameHtml.m */ = {isa = PBXFileReference; fileEncoding = 4; lastKnownFileType = sourcecode.c.objc; path = VSGameHtml.m; sourceTree = "<group>"; };
		3DEC306819CD2236009FCCFE /* GameBox.app */ = {isa = PBXFileReference; explicitFileType = wrapper.application; includeInIndex = 0; path = GameBox.app; sourceTree = BUILT_PRODUCTS_DIR; };
		3DEC306B19CD2236009FCCFE /* Foundation.framework */ = {isa = PBXFileReference; lastKnownFileType = wrapper.framework; name = Foundation.framework; path = System/Library/Frameworks/Foundation.framework; sourceTree = SDKROOT; };
		3DEC306D19CD2236009FCCFE /* CoreGraphics.framework */ = {isa = PBXFileReference; lastKnownFileType = wrapper.framework; name = CoreGraphics.framework; path = System/Library/Frameworks/CoreGraphics.framework; sourceTree = SDKROOT; };
		3DEC306F19CD2236009FCCFE /* UIKit.framework */ = {isa = PBXFileReference; lastKnownFileType = wrapper.framework; name = UIKit.framework; path = System/Library/Frameworks/UIKit.framework; sourceTree = SDKROOT; };
		3DEC307319CD2236009FCCFE /* GameBox-Info.plist */ = {isa = PBXFileReference; lastKnownFileType = text.plist.xml; path = "GameBox-Info.plist"; sourceTree = "<group>"; };
		3DEC307519CD2236009FCCFE /* en */ = {isa = PBXFileReference; lastKnownFileType = text.plist.strings; name = en; path = en.lproj/InfoPlist.strings; sourceTree = "<group>"; };
		3DEC307719CD2236009FCCFE /* main.m */ = {isa = PBXFileReference; lastKnownFileType = sourcecode.c.objc; path = main.m; sourceTree = "<group>"; };
		3DEC307919CD2236009FCCFE /* GameBox-Prefix.pch */ = {isa = PBXFileReference; lastKnownFileType = sourcecode.c.h; path = "GameBox-Prefix.pch"; sourceTree = "<group>"; };
		3DEC307A19CD2236009FCCFE /* AppDelegate.h */ = {isa = PBXFileReference; lastKnownFileType = sourcecode.c.h; path = AppDelegate.h; sourceTree = "<group>"; };
		3DEC307B19CD2236009FCCFE /* AppDelegate.m */ = {isa = PBXFileReference; lastKnownFileType = sourcecode.c.objc; path = AppDelegate.m; sourceTree = "<group>"; };
		3DEC307E19CD2236009FCCFE /* Base */ = {isa = PBXFileReference; lastKnownFileType = file.storyboard; name = Base; path = Base.lproj/Main.storyboard; sourceTree = "<group>"; };
		3DEC308319CD2236009FCCFE /* Images.xcassets */ = {isa = PBXFileReference; lastKnownFileType = folder.assetcatalog; path = Images.xcassets; sourceTree = "<group>"; };
		3DEC308919CD2236009FCCFE /* GameBoxTests.xctest */ = {isa = PBXFileReference; explicitFileType = wrapper.cfbundle; includeInIndex = 0; path = GameBoxTests.xctest; sourceTree = BUILT_PRODUCTS_DIR; };
		3DEC308A19CD2236009FCCFE /* XCTest.framework */ = {isa = PBXFileReference; lastKnownFileType = wrapper.framework; name = XCTest.framework; path = Library/Frameworks/XCTest.framework; sourceTree = DEVELOPER_DIR; };
		3DEC309219CD2236009FCCFE /* GameBoxTests-Info.plist */ = {isa = PBXFileReference; lastKnownFileType = text.plist.xml; path = "GameBoxTests-Info.plist"; sourceTree = "<group>"; };
		3DEC309419CD2236009FCCFE /* en */ = {isa = PBXFileReference; lastKnownFileType = text.plist.strings; name = en; path = en.lproj/InfoPlist.strings; sourceTree = "<group>"; };
		3DEC309619CD2236009FCCFE /* GameBoxTests.m */ = {isa = PBXFileReference; lastKnownFileType = sourcecode.c.objc; path = GameBoxTests.m; sourceTree = "<group>"; };
		3DEC30AB19CD30F9009FCCFE /* VSChannel.h */ = {isa = PBXFileReference; fileEncoding = 4; lastKnownFileType = sourcecode.c.h; path = VSChannel.h; sourceTree = "<group>"; };
		3DEC30AC19CD30F9009FCCFE /* VSChannel.m */ = {isa = PBXFileReference; fileEncoding = 4; lastKnownFileType = sourcecode.c.objc; path = VSChannel.m; sourceTree = "<group>"; };
		3DEC30AD19CD30F9009FCCFE /* VSChannelList.h */ = {isa = PBXFileReference; fileEncoding = 4; lastKnownFileType = sourcecode.c.h; path = VSChannelList.h; sourceTree = "<group>"; };
		3DEC30AE19CD30F9009FCCFE /* VSChannelList.m */ = {isa = PBXFileReference; fileEncoding = 4; lastKnownFileType = sourcecode.c.objc; path = VSChannelList.m; sourceTree = "<group>"; };
		3DEC30B419CD34A8009FCCFE /* VSRequest.h */ = {isa = PBXFileReference; fileEncoding = 4; lastKnownFileType = sourcecode.c.h; lineEnding = 0; path = VSRequest.h; sourceTree = "<group>"; xcLanguageSpecificationIdentifier = xcode.lang.objcpp; };
		3DEC30B519CD34A8009FCCFE /* VSRequest.m */ = {isa = PBXFileReference; fileEncoding = 4; lastKnownFileType = sourcecode.c.objc; lineEnding = 0; path = VSRequest.m; sourceTree = "<group>"; xcLanguageSpecificationIdentifier = xcode.lang.objc; };
		3DEC30BA19CD60E4009FCCFE /* VSGameDetailInfo.h */ = {isa = PBXFileReference; fileEncoding = 4; lastKnownFileType = sourcecode.c.h; path = VSGameDetailInfo.h; sourceTree = "<group>"; };
		3DEC30BB19CD60E4009FCCFE /* VSGameDetailInfo.m */ = {isa = PBXFileReference; fileEncoding = 4; lastKnownFileType = sourcecode.c.objc; path = VSGameDetailInfo.m; sourceTree = "<group>"; };
/* End PBXFileReference section */

/* Begin PBXFrameworksBuildPhase section */
		3DEC306519CD2236009FCCFE /* Frameworks */ = {
			isa = PBXFrameworksBuildPhase;
			buildActionMask = 2147483647;
			files = (
				3DEC306E19CD2236009FCCFE /* CoreGraphics.framework in Frameworks */,
				3DEC307019CD2236009FCCFE /* UIKit.framework in Frameworks */,
				3DEC306C19CD2236009FCCFE /* Foundation.framework in Frameworks */,
			);
			runOnlyForDeploymentPostprocessing = 0;
		};
		3DEC308619CD2236009FCCFE /* Frameworks */ = {
			isa = PBXFrameworksBuildPhase;
			buildActionMask = 2147483647;
			files = (
				3DEC308B19CD2236009FCCFE /* XCTest.framework in Frameworks */,
				3DEC308D19CD2236009FCCFE /* UIKit.framework in Frameworks */,
				3DEC308C19CD2236009FCCFE /* Foundation.framework in Frameworks */,
			);
			runOnlyForDeploymentPostprocessing = 0;
		};
/* End PBXFrameworksBuildPhase section */

/* Begin PBXGroup section */
		3DAC904919D2A2C80039DAC3 /* Resource */ = {
			isa = PBXGroup;
			children = (
				3DAC904A19D2A2D60039DAC3 /* game.json */,
			);
			name = Resource;
			sourceTree = "<group>";
		};
		3DEC305F19CD2236009FCCFE = {
			isa = PBXGroup;
			children = (
				3DAC904919D2A2C80039DAC3 /* Resource */,
				3DEC307119CD2236009FCCFE /* GameBox */,
				3DEC309019CD2236009FCCFE /* GameBoxTests */,
				3DEC306A19CD2236009FCCFE /* Frameworks */,
				3DEC306919CD2236009FCCFE /* Products */,
			);
			sourceTree = "<group>";
		};
		3DEC306919CD2236009FCCFE /* Products */ = {
			isa = PBXGroup;
			children = (
				3DEC306819CD2236009FCCFE /* GameBox.app */,
				3DEC308919CD2236009FCCFE /* GameBoxTests.xctest */,
			);
			name = Products;
			sourceTree = "<group>";
		};
		3DEC306A19CD2236009FCCFE /* Frameworks */ = {
			isa = PBXGroup;
			children = (
				3DEC306B19CD2236009FCCFE /* Foundation.framework */,
				3DEC306D19CD2236009FCCFE /* CoreGraphics.framework */,
				3DEC306F19CD2236009FCCFE /* UIKit.framework */,
				3DEC308A19CD2236009FCCFE /* XCTest.framework */,
			);
			name = Frameworks;
			sourceTree = "<group>";
		};
		3DEC307119CD2236009FCCFE /* GameBox */ = {
			isa = PBXGroup;
			children = (
				3DEC30B319CD34A8009FCCFE /* Source */,
				3DEC30A919CD30F9009FCCFE /* View */,
				3DEC30AA19CD30F9009FCCFE /* Model */,
				3DEC307A19CD2236009FCCFE /* AppDelegate.h */,
				3DEC307B19CD2236009FCCFE /* AppDelegate.m */,
				3DEC307D19CD2236009FCCFE /* Main.storyboard */,
				3DEC308319CD2236009FCCFE /* Images.xcassets */,
				3DEC307219CD2236009FCCFE /* Supporting Files */,
			);
			path = GameBox;
			sourceTree = "<group>";
		};
		3DEC307219CD2236009FCCFE /* Supporting Files */ = {
			isa = PBXGroup;
			children = (
				3DEC307319CD2236009FCCFE /* GameBox-Info.plist */,
				3DEC307419CD2236009FCCFE /* InfoPlist.strings */,
				3DEC307719CD2236009FCCFE /* main.m */,
				3DEC307919CD2236009FCCFE /* GameBox-Prefix.pch */,
			);
			name = "Supporting Files";
			sourceTree = "<group>";
		};
		3DEC309019CD2236009FCCFE /* GameBoxTests */ = {
			isa = PBXGroup;
			children = (
				3DEC309619CD2236009FCCFE /* GameBoxTests.m */,
				3DEC309119CD2236009FCCFE /* Supporting Files */,
			);
			path = GameBoxTests;
			sourceTree = "<group>";
		};
		3DEC309119CD2236009FCCFE /* Supporting Files */ = {
			isa = PBXGroup;
			children = (
				3DEC309219CD2236009FCCFE /* GameBoxTests-Info.plist */,
				3DEC309319CD2236009FCCFE /* InfoPlist.strings */,
			);
			name = "Supporting Files";
			sourceTree = "<group>";
		};
		3DEC30A919CD30F9009FCCFE /* View */ = {
			isa = PBXGroup;
			children = (
				3D81717E19CD751900125961 /* VSChannelViewController.h */,
				3D81717F19CD751900125961 /* VSChannelViewController.m */,
				3D81718119CD757D00125961 /* VSChannelSwitch.h */,
				3D81718219CD757D00125961 /* VSChannelSwitch.m */,
			);
			path = View;
			sourceTree = "<group>";
		};
		3DEC30AA19CD30F9009FCCFE /* Model */ = {
			isa = PBXGroup;
			children = (
				3DEC30AB19CD30F9009FCCFE /* VSChannel.h */,
				3DEC30AC19CD30F9009FCCFE /* VSChannel.m */,
				3DEC30AD19CD30F9009FCCFE /* VSChannelList.h */,
				3DEC30AE19CD30F9009FCCFE /* VSChannelList.m */,
				3DEC30BA19CD60E4009FCCFE /* VSGameDetailInfo.h */,
				3DEC30BB19CD60E4009FCCFE /* VSGameDetailInfo.m */,
				3D81717519CD6C9500125961 /* VSUserGameInfomationRefreshHandle.h */,
				3D81717619CD6C9500125961 /* VSUserGameInfomationRefreshHandle.m */,
				3D81717B19CD722500125961 /* VSUsersGameResult.h */,
				3D81717C19CD722500125961 /* VSUsersGameResult.m */,
			);
			path = Model;
			sourceTree = "<group>";
		};
		3DEC30B319CD34A8009FCCFE /* Source */ = {
			isa = PBXGroup;
			children = (
				3DEC30B419CD34A8009FCCFE /* VSRequest.h */,
				3DEC30B519CD34A8009FCCFE /* VSRequest.m */,
				3DAC904E19D2B17A0039DAC3 /* VSGameImage.h */,
				3DAC904F19D2B17A0039DAC3 /* VSGameImage.m */,
				3DAC905119D2B1840039DAC3 /* VSGameHtml.h */,
				3DAC905219D2B1840039DAC3 /* VSGameHtml.m */,
			);
			path = Source;
			sourceTree = "<group>";
		};
/* End PBXGroup section */

/* Begin PBXNativeTarget section */
		3DEC306719CD2236009FCCFE /* GameBox */ = {
			isa = PBXNativeTarget;
			buildConfigurationList = 3DEC309A19CD2236009FCCFE /* Build configuration list for PBXNativeTarget "GameBox" */;
			buildPhases = (
				3DEC306419CD2236009FCCFE /* Sources */,
				3DEC306519CD2236009FCCFE /* Frameworks */,
				3DEC306619CD2236009FCCFE /* Resources */,
				3DAC904C19D2A3360039DAC3 /* ShellScript */,
			);
			buildRules = (
			);
			dependencies = (
			);
			name = GameBox;
			productName = GameBox;
			productReference = 3DEC306819CD2236009FCCFE /* GameBox.app */;
			productType = "com.apple.product-type.application";
		};
		3DEC308819CD2236009FCCFE /* GameBoxTests */ = {
			isa = PBXNativeTarget;
			buildConfigurationList = 3DEC309D19CD2236009FCCFE /* Build configuration list for PBXNativeTarget "GameBoxTests" */;
			buildPhases = (
				3DEC308519CD2236009FCCFE /* Sources */,
				3DEC308619CD2236009FCCFE /* Frameworks */,
				3DEC308719CD2236009FCCFE /* Resources */,
			);
			buildRules = (
			);
			dependencies = (
				3DEC308F19CD2236009FCCFE /* PBXTargetDependency */,
			);
			name = GameBoxTests;
			productName = GameBoxTests;
			productReference = 3DEC308919CD2236009FCCFE /* GameBoxTests.xctest */;
			productType = "com.apple.product-type.bundle.unit-test";
		};
/* End PBXNativeTarget section */

/* Begin PBXProject section */
		3DEC306019CD2236009FCCFE /* Project object */ = {
			isa = PBXProject;
			attributes = {
				LastUpgradeCheck = 0510;
				ORGANIZATIONNAME = cyggame;
				TargetAttributes = {
					3DEC308819CD2236009FCCFE = {
						TestTargetID = 3DEC306719CD2236009FCCFE;
					};
				};
			};
			buildConfigurationList = 3DEC306319CD2236009FCCFE /* Build configuration list for PBXProject "GameBox" */;
			compatibilityVersion = "Xcode 3.2";
			developmentRegion = English;
			hasScannedForEncodings = 0;
			knownRegions = (
				en,
				Base,
			);
			mainGroup = 3DEC305F19CD2236009FCCFE;
			productRefGroup = 3DEC306919CD2236009FCCFE /* Products */;
			projectDirPath = "";
			projectRoot = "";
			targets = (
				3DEC306719CD2236009FCCFE /* GameBox */,
				3DEC308819CD2236009FCCFE /* GameBoxTests */,
			);
		};
/* End PBXProject section */

/* Begin PBXResourcesBuildPhase section */
		3DEC306619CD2236009FCCFE /* Resources */ = {
			isa = PBXResourcesBuildPhase;
			buildActionMask = 2147483647;
			files = (
				3DEC308419CD2236009FCCFE /* Images.xcassets in Resources */,
				3DEC307619CD2236009FCCFE /* InfoPlist.strings in Resources */,
				3DEC307F19CD2236009FCCFE /* Main.storyboard in Resources */,
				3DAC904B19D2A2D60039DAC3 /* game.json in Resources */,
			);
			runOnlyForDeploymentPostprocessing = 0;
		};
		3DEC308719CD2236009FCCFE /* Resources */ = {
			isa = PBXResourcesBuildPhase;
			buildActionMask = 2147483647;
			files = (
				3DEC309519CD2236009FCCFE /* InfoPlist.strings in Resources */,
			);
			runOnlyForDeploymentPostprocessing = 0;
		};
/* End PBXResourcesBuildPhase section */

/* Begin PBXShellScriptBuildPhase section */
		3DAC904C19D2A3360039DAC3 /* ShellScript */ = {
			isa = PBXShellScriptBuildPhase;
			buildActionMask = 2147483647;
			files = (
			);
			inputPaths = (
			);
			outputPaths = (
			);
			runOnlyForDeploymentPostprocessing = 0;
			shellPath = /bin/sh;
			shellScript = "#删除文件夹\nrm -rf \"${BUILT_PRODUCTS_DIR}/${PRODUCT_NAME}.app/game_bundle\"\n\n#创建文件夹\nmkdir -p \"${BUILT_PRODUCTS_DIR}/${PRODUCT_NAME}.app/game_bundle\"\n\ncp -R -f $PROJECT_DIR/Resource/*.bundle $BUILT_PRODUCTS_DIR/${PRODUCT_NAME}.app/game_bundle";
		};
/* End PBXShellScriptBuildPhase section */

/* Begin PBXSourcesBuildPhase section */
		3DEC306419CD2236009FCCFE /* Sources */ = {
			isa = PBXSourcesBuildPhase;
			buildActionMask = 2147483647;
			files = (
				3D81718319CD757D00125961 /* VSChannelSwitch.m in Sources */,
				3DEC30AF19CD30F9009FCCFE /* VSChannel.m in Sources */,
				3DAC905019D2B17A0039DAC3 /* VSGameImage.m in Sources */,
				3DEC30B619CD34A8009FCCFE /* VSRequest.m in Sources */,
				3D81717719CD6C9500125961 /* VSUserGameInfomationRefreshHandle.m in Sources */,
				3DEC307C19CD2236009FCCFE /* AppDelegate.m in Sources */,
				3DEC307819CD2236009FCCFE /* main.m in Sources */,
				3DEC30B019CD30F9009FCCFE /* VSChannelList.m in Sources */,
				3D81717D19CD722500125961 /* VSUsersGameResult.m in Sources */,
				3DEC30BC19CD60E4009FCCFE /* VSGameDetailInfo.m in Sources */,
				3D81718019CD751900125961 /* VSChannelViewController.m in Sources */,
				3DAC905319D2B1840039DAC3 /* VSGameHtml.m in Sources */,
			);
			runOnlyForDeploymentPostprocessing = 0;
		};
		3DEC308519CD2236009FCCFE /* Sources */ = {
			isa = PBXSourcesBuildPhase;
			buildActionMask = 2147483647;
			files = (
				3DEC309719CD2236009FCCFE /* GameBoxTests.m in Sources */,
			);
			runOnlyForDeploymentPostprocessing = 0;
		};
/* End PBXSourcesBuildPhase section */

/* Begin PBXTargetDependency section */
		3DEC308F19CD2236009FCCFE /* PBXTargetDependency */ = {
			isa = PBXTargetDependency;
			target = 3DEC306719CD2236009FCCFE /* GameBox */;
			targetProxy = 3DEC308E19CD2236009FCCFE /* PBXContainerItemProxy */;
		};
/* End PBXTargetDependency section */

/* Begin PBXVariantGroup section */
		3DEC307419CD2236009FCCFE /* InfoPlist.strings */ = {
			isa = PBXVariantGroup;
			children = (
				3DEC307519CD2236009FCCFE /* en */,
			);
			name = InfoPlist.strings;
			sourceTree = "<group>";
		};
		3DEC307D19CD2236009FCCFE /* Main.storyboard */ = {
			isa = PBXVariantGroup;
			children = (
				3DEC307E19CD2236009FCCFE /* Base */,
			);
			name = Main.storyboard;
			sourceTree = "<group>";
		};
		3DEC309319CD2236009FCCFE /* InfoPlist.strings */ = {
			isa = PBXVariantGroup;
			children = (
				3DEC309419CD2236009FCCFE /* en */,
			);
			name = InfoPlist.strings;
			sourceTree = "<group>";
		};
/* End PBXVariantGroup section */

/* Begin XCBuildConfiguration section */
		3DEC309819CD2236009FCCFE /* Debug */ = {
			isa = XCBuildConfiguration;
			buildSettings = {
				ALWAYS_SEARCH_USER_PATHS = NO;
				CLANG_CXX_LANGUAGE_STANDARD = "gnu++0x";
				CLANG_CXX_LIBRARY = "libc++";
				CLANG_ENABLE_MODULES = YES;
				CLANG_ENABLE_OBJC_ARC = YES;
				CLANG_WARN_BOOL_CONVERSION = YES;
				CLANG_WARN_CONSTANT_CONVERSION = YES;
				CLANG_WARN_DIRECT_OBJC_ISA_USAGE = YES_ERROR;
				CLANG_WARN_EMPTY_BODY = YES;
				CLANG_WARN_ENUM_CONVERSION = YES;
				CLANG_WARN_INT_CONVERSION = YES;
				CLANG_WARN_OBJC_ROOT_CLASS = YES_ERROR;
				CLANG_WARN__DUPLICATE_METHOD_MATCH = YES;
				"CODE_SIGN_IDENTITY[sdk=iphoneos*]" = "iPhone Developer";
				COPY_PHASE_STRIP = NO;
				GCC_C_LANGUAGE_STANDARD = gnu99;
				GCC_DYNAMIC_NO_PIC = NO;
				GCC_OPTIMIZATION_LEVEL = 0;
				GCC_PREPROCESSOR_DEFINITIONS = (
					"DEBUG=1",
					"$(inherited)",
				);
				GCC_SYMBOLS_PRIVATE_EXTERN = NO;
				GCC_WARN_64_TO_32_BIT_CONVERSION = YES;
				GCC_WARN_ABOUT_RETURN_TYPE = YES_ERROR;
				GCC_WARN_UNDECLARED_SELECTOR = YES;
				GCC_WARN_UNINITIALIZED_AUTOS = YES_AGGRESSIVE;
				GCC_WARN_UNUSED_FUNCTION = YES;
				GCC_WARN_UNUSED_VARIABLE = YES;
				IPHONEOS_DEPLOYMENT_TARGET = 7.1;
				ONLY_ACTIVE_ARCH = YES;
				SDKROOT = iphoneos;
			};
			name = Debug;
		};
		3DEC309919CD2236009FCCFE /* Release */ = {
			isa = XCBuildConfiguration;
			buildSettings = {
				ALWAYS_SEARCH_USER_PATHS = NO;
				CLANG_CXX_LANGUAGE_STANDARD = "gnu++0x";
				CLANG_CXX_LIBRARY = "libc++";
				CLANG_ENABLE_MODULES = YES;
				CLANG_ENABLE_OBJC_ARC = YES;
				CLANG_WARN_BOOL_CONVERSION = YES;
				CLANG_WARN_CONSTANT_CONVERSION = YES;
				CLANG_WARN_DIRECT_OBJC_ISA_USAGE = YES_ERROR;
				CLANG_WARN_EMPTY_BODY = YES;
				CLANG_WARN_ENUM_CONVERSION = YES;
				CLANG_WARN_INT_CONVERSION = YES;
				CLANG_WARN_OBJC_ROOT_CLASS = YES_ERROR;
				CLANG_WARN__DUPLICATE_METHOD_MATCH = YES;
				"CODE_SIGN_IDENTITY[sdk=iphoneos*]" = "iPhone Developer";
				COPY_PHASE_STRIP = YES;
				ENABLE_NS_ASSERTIONS = NO;
				GCC_C_LANGUAGE_STANDARD = gnu99;
				GCC_WARN_64_TO_32_BIT_CONVERSION = YES;
				GCC_WARN_ABOUT_RETURN_TYPE = YES_ERROR;
				GCC_WARN_UNDECLARED_SELECTOR = YES;
				GCC_WARN_UNINITIALIZED_AUTOS = YES_AGGRESSIVE;
				GCC_WARN_UNUSED_FUNCTION = YES;
				GCC_WARN_UNUSED_VARIABLE = YES;
				IPHONEOS_DEPLOYMENT_TARGET = 7.1;
				SDKROOT = iphoneos;
				VALIDATE_PRODUCT = YES;
			};
			name = Release;
		};
		3DEC309B19CD2236009FCCFE /* Debug */ = {
			isa = XCBuildConfiguration;
			buildSettings = {
				ASSETCATALOG_COMPILER_APPICON_NAME = AppIcon;
				ASSETCATALOG_COMPILER_LAUNCHIMAGE_NAME = LaunchImage;
				FRAMEWORK_SEARCH_PATHS = (
					"$(inherited)",
					"$(PROJECT_DIR)",
				);
				GCC_PRECOMPILE_PREFIX_HEADER = YES;
				GCC_PREFIX_HEADER = "GameBox/GameBox-Prefix.pch";
				INFOPLIST_FILE = "GameBox/GameBox-Info.plist";
				IPHONEOS_DEPLOYMENT_TARGET = 6.0;
				PRODUCT_NAME = "$(TARGET_NAME)";
				WRAPPER_EXTENSION = app;
			};
			name = Debug;
		};
		3DEC309C19CD2236009FCCFE /* Release */ = {
			isa = XCBuildConfiguration;
			buildSettings = {
				ASSETCATALOG_COMPILER_APPICON_NAME = AppIcon;
				ASSETCATALOG_COMPILER_LAUNCHIMAGE_NAME = LaunchImage;
				FRAMEWORK_SEARCH_PATHS = (
					"$(inherited)",
					"$(PROJECT_DIR)",
				);
				GCC_PRECOMPILE_PREFIX_HEADER = YES;
				GCC_PREFIX_HEADER = "GameBox/GameBox-Prefix.pch";
				INFOPLIST_FILE = "GameBox/GameBox-Info.plist";
				IPHONEOS_DEPLOYMENT_TARGET = 6.0;
				PRODUCT_NAME = "$(TARGET_NAME)";
				WRAPPER_EXTENSION = app;
			};
			name = Release;
		};
		3DEC309E19CD2236009FCCFE /* Debug */ = {
			isa = XCBuildConfiguration;
			buildSettings = {
				BUNDLE_LOADER = "$(BUILT_PRODUCTS_DIR)/GameBox.app/GameBox";
				FRAMEWORK_SEARCH_PATHS = (
					"$(SDKROOT)/Developer/Library/Frameworks",
					"$(inherited)",
					"$(DEVELOPER_FRAMEWORKS_DIR)",
				);
				GCC_PRECOMPILE_PREFIX_HEADER = YES;
				GCC_PREFIX_HEADER = "GameBox/GameBox-Prefix.pch";
				GCC_PREPROCESSOR_DEFINITIONS = (
					"DEBUG=1",
					"$(inherited)",
				);
				INFOPLIST_FILE = "GameBoxTests/GameBoxTests-Info.plist";
				PRODUCT_NAME = "$(TARGET_NAME)";
				TEST_HOST = "$(BUNDLE_LOADER)";
				WRAPPER_EXTENSION = xctest;
			};
			name = Debug;
		};
		3DEC309F19CD2236009FCCFE /* Release */ = {
			isa = XCBuildConfiguration;
			buildSettings = {
				BUNDLE_LOADER = "$(BUILT_PRODUCTS_DIR)/GameBox.app/GameBox";
				FRAMEWORK_SEARCH_PATHS = (
					"$(SDKROOT)/Developer/Library/Frameworks",
					"$(inherited)",
					"$(DEVELOPER_FRAMEWORKS_DIR)",
				);
				GCC_PRECOMPILE_PREFIX_HEADER = YES;
				GCC_PREFIX_HEADER = "GameBox/GameBox-Prefix.pch";
				INFOPLIST_FILE = "GameBoxTests/GameBoxTests-Info.plist";
				PRODUCT_NAME = "$(TARGET_NAME)";
				TEST_HOST = "$(BUNDLE_LOADER)";
				WRAPPER_EXTENSION = xctest;
			};
			name = Release;
		};
/* End XCBuildConfiguration section */

/* Begin XCConfigurationList section */
		3DEC306319CD2236009FCCFE /* Build configuration list for PBXProject "GameBox" */ = {
			isa = XCConfigurationList;
			buildConfigurations = (
				3DEC309819CD2236009FCCFE /* Debug */,
				3DEC309919CD2236009FCCFE /* Release */,
			);
			defaultConfigurationIsVisible = 0;
			defaultConfigurationName = Release;
		};
		3DEC309A19CD2236009FCCFE /* Build configuration list for PBXNativeTarget "GameBox" */ = {
			isa = XCConfigurationList;
			buildConfigurations = (
				3DEC309B19CD2236009FCCFE /* Debug */,
				3DEC309C19CD2236009FCCFE /* Release */,
			);
			defaultConfigurationIsVisible = 0;
			defaultConfigurationName = Release;
		};
		3DEC309D19CD2236009FCCFE /* Build configuration list for PBXNativeTarget "GameBoxTests" */ = {
			isa = XCConfigurationList;
			buildConfigurations = (
				3DEC309E19CD2236009FCCFE /* Debug */,
				3DEC309F19CD2236009FCCFE /* Release */,
			);
			defaultConfigurationIsVisible = 0;
			defaultConfigurationName = Release;
		};
/* End XCConfigurationList section */
	};
	rootObject = 3DEC306019CD2236009FCCFE /* Project object */;
}
