// !$*UTF8*$!
{
	archiveVersion = 1;
	classes = {
	};
	objectVersion = 46;
	objects = {

/* Begin PBXBuildFile section */
		3D3D121319E123D8002116C9 /* VSPageView.m in Sources */ = {isa = PBXBuildFile; fileRef = 3D3D121219E123D8002116C9 /* VSPageView.m */; };
		3D3D121B19E126C5002116C9 /* VSHomeController.m in Sources */ = {isa = PBXBuildFile; fileRef = 3D3D121A19E126C5002116C9 /* VSHomeController.m */; };
		3D3D121E19E133F8002116C9 /* VSPageControl.m in Sources */ = {isa = PBXBuildFile; fileRef = 3D3D121C19E133F8002116C9 /* VSPageControl.m */; };
		3D3D122119E13532002116C9 /* dot_banner_white@2x.png in Resources */ = {isa = PBXBuildFile; fileRef = 3D3D121F19E13532002116C9 /* dot_banner_white@2x.png */; };
		3D3D122219E13532002116C9 /* dot_banner_red@2x.png in Resources */ = {isa = PBXBuildFile; fileRef = 3D3D122019E13532002116C9 /* dot_banner_red@2x.png */; };
		3D3D122419E1456B002116C9 /* btn_play_release@2x.png in Resources */ = {isa = PBXBuildFile; fileRef = 3D3D122319E1456B002116C9 /* btn_play_release@2x.png */; };
		3D3D122719E14E27002116C9 /* btn_Alternative_new@2x.png in Resources */ = {isa = PBXBuildFile; fileRef = 3D3D122519E14E27002116C9 /* btn_Alternative_new@2x.png */; };
		3D3D122819E14E27002116C9 /* btn_Alternative_hot@2x.png in Resources */ = {isa = PBXBuildFile; fileRef = 3D3D122619E14E27002116C9 /* btn_Alternative_hot@2x.png */; };
		3D81718019CD751900125961 /* VSChannelViewController.m in Sources */ = {isa = PBXBuildFile; fileRef = 3D81717F19CD751900125961 /* VSChannelViewController.m */; };
		3D81718319CD757D00125961 /* VSChannelSwitch.m in Sources */ = {isa = PBXBuildFile; fileRef = 3D81718219CD757D00125961 /* VSChannelSwitch.m */; };
		3D8B58DA19E0F965007F075B /* VSGalleryTableViewCell.m in Sources */ = {isa = PBXBuildFile; fileRef = 3D8B58D919E0F965007F075B /* VSGalleryTableViewCell.m */; };
		3D8B58DD19E0F983007F075B /* VSBroastTableViewCell.m in Sources */ = {isa = PBXBuildFile; fileRef = 3D8B58DC19E0F983007F075B /* VSBroastTableViewCell.m */; };
		3D8B58E019E0F99B007F075B /* VSGameAbstractTableViewCell.m in Sources */ = {isa = PBXBuildFile; fileRef = 3D8B58DF19E0F99B007F075B /* VSGameAbstractTableViewCell.m */; };
		3D90421B19D9049600C26CD9 /* VSSessionManager.m in Sources */ = {isa = PBXBuildFile; fileRef = 3D90421A19D9049600C26CD9 /* VSSessionManager.m */; };
		3D90421F19D905AF00C26CD9 /* VSPassport.m in Sources */ = {isa = PBXBuildFile; fileRef = 3D90421E19D905AF00C26CD9 /* VSPassport.m */; };
		3D90422219D905C200C26CD9 /* VSTempPassport.m in Sources */ = {isa = PBXBuildFile; fileRef = 3D90422119D905C200C26CD9 /* VSTempPassport.m */; };
		3D90422519D908EC00C26CD9 /* VSLoginMessage.m in Sources */ = {isa = PBXBuildFile; fileRef = 3D90422419D908EC00C26CD9 /* VSLoginMessage.m */; };
		3D90422819D9090E00C26CD9 /* VSTempLoginMessage.m in Sources */ = {isa = PBXBuildFile; fileRef = 3D90422719D9090E00C26CD9 /* VSTempLoginMessage.m */; };
		3D90422B19D9092C00C26CD9 /* VSParamLoginMessage.m in Sources */ = {isa = PBXBuildFile; fileRef = 3D90422A19D9092C00C26CD9 /* VSParamLoginMessage.m */; };
		3D90422E19D90ABE00C26CD9 /* VSGamePassport.m in Sources */ = {isa = PBXBuildFile; fileRef = 3D90422D19D90ABE00C26CD9 /* VSGamePassport.m */; };
		3D90423319D94E2400C26CD9 /* VSLoginViewController.m in Sources */ = {isa = PBXBuildFile; fileRef = 3D90423219D94E2400C26CD9 /* VSLoginViewController.m */; };
		3D90423619D953C500C26CD9 /* VSHomeViewController.m in Sources */ = {isa = PBXBuildFile; fileRef = 3D90423519D953C500C26CD9 /* VSHomeViewController.m */; };
		3D97A84019DA51D8005468F5 /* M2DHudView.bundle in Resources */ = {isa = PBXBuildFile; fileRef = 3D97A83D19DA51D8005468F5 /* M2DHudView.bundle */; };
		3D97A84119DA51D8005468F5 /* M2DHudView.m in Sources */ = {isa = PBXBuildFile; fileRef = 3D97A83F19DA51D8005468F5 /* M2DHudView.m */; };
		3D97A84719DA9D66005468F5 /* VSFavorGame.m in Sources */ = {isa = PBXBuildFile; fileRef = 3D97A84619DA9D66005468F5 /* VSFavorGame.m */; };
		3D97A84A19DA9E4C005468F5 /* VSGameText.m in Sources */ = {isa = PBXBuildFile; fileRef = 3D97A84919DA9E4C005468F5 /* VSGameText.m */; };
		3D97A84D19DAA22B005468F5 /* VSGameBroadcast.m in Sources */ = {isa = PBXBuildFile; fileRef = 3D97A84C19DAA22B005468F5 /* VSGameBroadcast.m */; };
		3D9879FC19E26B8D0069C26F /* VSBroastView.m in Sources */ = {isa = PBXBuildFile; fileRef = 3D9879FB19E26B8D0069C26F /* VSBroastView.m */; };
		3D9879FF19E26BB20069C26F /* VSBroast.m in Sources */ = {isa = PBXBuildFile; fileRef = 3D9879FE19E26BB20069C26F /* VSBroast.m */; };
		3D987A0219E26BFC0069C26F /* VSGameDetailInfoView.m in Sources */ = {isa = PBXBuildFile; fileRef = 3D987A0119E26BFC0069C26F /* VSGameDetailInfoView.m */; };
		3D987A0519E26C100069C26F /* VSGameIntroduceView.m in Sources */ = {isa = PBXBuildFile; fileRef = 3D987A0419E26C100069C26F /* VSGameIntroduceView.m */; };
		3D987A0A19E28DA80069C26F /* btn_userhome@2x.png in Resources */ = {isa = PBXBuildFile; fileRef = 3D987A0919E28DA80069C26F /* btn_userhome@2x.png */; };
		3D987A0F19E299A00069C26F /* VSDetailGalleryView.m in Sources */ = {isa = PBXBuildFile; fileRef = 3D987A0E19E299A00069C26F /* VSDetailGalleryView.m */; };
		3D987A1219E299BB0069C26F /* VSRankingView.m in Sources */ = {isa = PBXBuildFile; fileRef = 3D987A1119E299BB0069C26F /* VSRankingView.m */; };
		3D9F174E19E4E96A0090C101 /* VSIndividualCenterViewController.m in Sources */ = {isa = PBXBuildFile; fileRef = 3D9F174D19E4E96A0090C101 /* VSIndividualCenterViewController.m */; };
		3D9F175119E4E9CF0090C101 /* VSEditUserInfoViewController.m in Sources */ = {isa = PBXBuildFile; fileRef = 3D9F175019E4E9CF0090C101 /* VSEditUserInfoViewController.m */; };
		3D9F175419E4E9E30090C101 /* VSPlayerPKViewController.m in Sources */ = {isa = PBXBuildFile; fileRef = 3D9F175319E4E9E30090C101 /* VSPlayerPKViewController.m */; };
		3D9F175A19E516C40090C101 /* head_default_big@2x.png in Resources */ = {isa = PBXBuildFile; fileRef = 3D9F175519E516C40090C101 /* head_default_big@2x.png */; };
		3D9F175B19E516C40090C101 /* btn_share_pressed@2x.png in Resources */ = {isa = PBXBuildFile; fileRef = 3D9F175619E516C40090C101 /* btn_share_pressed@2x.png */; };
		3D9F175C19E516C40090C101 /* btn_rank_pressed@2x.png in Resources */ = {isa = PBXBuildFile; fileRef = 3D9F175719E516C40090C101 /* btn_rank_pressed@2x.png */; };
		3D9F175D19E516C40090C101 /* btn_edit@2x.png in Resources */ = {isa = PBXBuildFile; fileRef = 3D9F175819E516C40090C101 /* btn_edit@2x.png */; };
		3D9F175E19E516C40090C101 /* btn_detele_pressed@2x.png in Resources */ = {isa = PBXBuildFile; fileRef = 3D9F175919E516C40090C101 /* btn_detele_pressed@2x.png */; };
		3D9F176019E51CEB0090C101 /* VSUsersGameResult.m in Sources */ = {isa = PBXBuildFile; fileRef = 3D9F175F19E51CEB0090C101 /* VSUsersGameResult.m */; };
		3D9F179619E551AC0090C101 /* MKAnnotationView+WebCache.m in Sources */ = {isa = PBXBuildFile; fileRef = 3D9F177619E551AC0090C101 /* MKAnnotationView+WebCache.m */; };
		3D9F179719E551AC0090C101 /* NSData+ImageContentType.m in Sources */ = {isa = PBXBuildFile; fileRef = 3D9F177819E551AC0090C101 /* NSData+ImageContentType.m */; };
		3D9F179819E551AC0090C101 /* SDImageCache.m in Sources */ = {isa = PBXBuildFile; fileRef = 3D9F177A19E551AC0090C101 /* SDImageCache.m */; };
		3D9F179919E551AC0090C101 /* SDWebImageCompat.m in Sources */ = {isa = PBXBuildFile; fileRef = 3D9F177C19E551AC0090C101 /* SDWebImageCompat.m */; };
		3D9F179A19E551AC0090C101 /* SDWebImageDecoder.m in Sources */ = {isa = PBXBuildFile; fileRef = 3D9F177E19E551AC0090C101 /* SDWebImageDecoder.m */; };
		3D9F179B19E551AC0090C101 /* SDWebImageDownloader.m in Sources */ = {isa = PBXBuildFile; fileRef = 3D9F178019E551AC0090C101 /* SDWebImageDownloader.m */; };
		3D9F179C19E551AC0090C101 /* SDWebImageDownloaderOperation.m in Sources */ = {isa = PBXBuildFile; fileRef = 3D9F178219E551AC0090C101 /* SDWebImageDownloaderOperation.m */; };
		3D9F179D19E551AC0090C101 /* SDWebImageManager.m in Sources */ = {isa = PBXBuildFile; fileRef = 3D9F178419E551AC0090C101 /* SDWebImageManager.m */; };
		3D9F179E19E551AC0090C101 /* SDWebImagePrefetcher.m in Sources */ = {isa = PBXBuildFile; fileRef = 3D9F178719E551AC0090C101 /* SDWebImagePrefetcher.m */; };
		3D9F179F19E551AC0090C101 /* UIButton+WebCache.m in Sources */ = {isa = PBXBuildFile; fileRef = 3D9F178919E551AC0090C101 /* UIButton+WebCache.m */; };
		3D9F17A019E551AC0090C101 /* UIImage+GIF.m in Sources */ = {isa = PBXBuildFile; fileRef = 3D9F178B19E551AC0090C101 /* UIImage+GIF.m */; };
		3D9F17A119E551AC0090C101 /* UIImage+MultiFormat.m in Sources */ = {isa = PBXBuildFile; fileRef = 3D9F178D19E551AC0090C101 /* UIImage+MultiFormat.m */; };
		3D9F17A219E551AC0090C101 /* UIImage+WebP.m in Sources */ = {isa = PBXBuildFile; fileRef = 3D9F178F19E551AC0090C101 /* UIImage+WebP.m */; };
		3D9F17A319E551AC0090C101 /* UIImageView+HighlightedWebCache.m in Sources */ = {isa = PBXBuildFile; fileRef = 3D9F179119E551AC0090C101 /* UIImageView+HighlightedWebCache.m */; };
		3D9F17A419E551AC0090C101 /* UIImageView+WebCache.m in Sources */ = {isa = PBXBuildFile; fileRef = 3D9F179319E551AC0090C101 /* UIImageView+WebCache.m */; };
		3D9F17A519E551AC0090C101 /* UIView+WebCacheOperation.m in Sources */ = {isa = PBXBuildFile; fileRef = 3D9F179519E551AC0090C101 /* UIView+WebCacheOperation.m */; };
		3D9F17A819E552390090C101 /* VSImageView.m in Sources */ = {isa = PBXBuildFile; fileRef = 3D9F17A719E552390090C101 /* VSImageView.m */; };
		3DA7966019E3922D00AB1340 /* btn_back@2x.png in Resources */ = {isa = PBXBuildFile; fileRef = 3DA7965F19E3922D00AB1340 /* btn_back@2x.png */; };
		3DA7966319E3934E00AB1340 /* VSBackBarButtonItem.m in Sources */ = {isa = PBXBuildFile; fileRef = 3DA7966119E3934E00AB1340 /* VSBackBarButtonItem.m */; };
		3DA7966919E3BEA400AB1340 /* VSRankingInfo.m in Sources */ = {isa = PBXBuildFile; fileRef = 3DA7966819E3BEA400AB1340 /* VSRankingInfo.m */; };
		3DA7966C19E3C3EC00AB1340 /* VSRankTableViewCell.m in Sources */ = {isa = PBXBuildFile; fileRef = 3DA7966B19E3C3EC00AB1340 /* VSRankTableViewCell.m */; };
		3DA7967119E3C96A00AB1340 /* triangle_red_down@2x.png in Resources */ = {isa = PBXBuildFile; fileRef = 3DA7966D19E3C96A00AB1340 /* triangle_red_down@2x.png */; };
		3DA7967219E3C96A00AB1340 /* triangle_green_up@2x.png in Resources */ = {isa = PBXBuildFile; fileRef = 3DA7966E19E3C96A00AB1340 /* triangle_green_up@2x.png */; };
		3DA7967319E3C96A00AB1340 /* symbol_male@2x.png in Resources */ = {isa = PBXBuildFile; fileRef = 3DA7966F19E3C96A00AB1340 /* symbol_male@2x.png */; };
		3DA7967419E3C96A00AB1340 /* symbol_female@2x.png in Resources */ = {isa = PBXBuildFile; fileRef = 3DA7967019E3C96A00AB1340 /* symbol_female@2x.png */; };
		3DA7967619E3D11200AB1340 /* btn_pk_released@2x.png in Resources */ = {isa = PBXBuildFile; fileRef = 3DA7967519E3D11200AB1340 /* btn_pk_released@2x.png */; };
		3DAC904B19D2A2D60039DAC3 /* game.json in Resources */ = {isa = PBXBuildFile; fileRef = 3DAC904A19D2A2D60039DAC3 /* game.json */; };
		3DAC905019D2B17A0039DAC3 /* VSGameImage.m in Sources */ = {isa = PBXBuildFile; fileRef = 3DAC904F19D2B17A0039DAC3 /* VSGameImage.m */; };
		3DAC905319D2B1840039DAC3 /* VSGameHtml.m in Sources */ = {isa = PBXBuildFile; fileRef = 3DAC905219D2B1840039DAC3 /* VSGameHtml.m */; };
		3DAC905619D2B7530039DAC3 /* VSGameDetailViewController.m in Sources */ = {isa = PBXBuildFile; fileRef = 3DAC905519D2B7530039DAC3 /* VSGameDetailViewController.m */; };
		3DAC905919D2B7690039DAC3 /* VSGamePlayViewController.m in Sources */ = {isa = PBXBuildFile; fileRef = 3DAC905819D2B7690039DAC3 /* VSGamePlayViewController.m */; };
		3DEC306C19CD2236009FCCFE /* Foundation.framework in Frameworks */ = {isa = PBXBuildFile; fileRef = 3DEC306B19CD2236009FCCFE /* Foundation.framework */; };
		3DEC306E19CD2236009FCCFE /* CoreGraphics.framework in Frameworks */ = {isa = PBXBuildFile; fileRef = 3DEC306D19CD2236009FCCFE /* CoreGraphics.framework */; };
		3DEC307019CD2236009FCCFE /* UIKit.framework in Frameworks */ = {isa = PBXBuildFile; fileRef = 3DEC306F19CD2236009FCCFE /* UIKit.framework */; };
		3DEC307619CD2236009FCCFE /* InfoPlist.strings in Resources */ = {isa = PBXBuildFile; fileRef = 3DEC307419CD2236009FCCFE /* InfoPlist.strings */; };
		3DEC307819CD2236009FCCFE /* main.m in Sources */ = {isa = PBXBuildFile; fileRef = 3DEC307719CD2236009FCCFE /* main.m */; };
		3DEC307C19CD2236009FCCFE /* AppDelegate.m in Sources */ = {isa = PBXBuildFile; fileRef = 3DEC307B19CD2236009FCCFE /* AppDelegate.m */; };
		3DEC307F19CD2236009FCCFE /* Main.storyboard in Resources */ = {isa = PBXBuildFile; fileRef = 3DEC307D19CD2236009FCCFE /* Main.storyboard */; };
		3DEC308419CD2236009FCCFE /* Images.xcassets in Resources */ = {isa = PBXBuildFile; fileRef = 3DEC308319CD2236009FCCFE /* Images.xcassets */; };
		3DEC308B19CD2236009FCCFE /* XCTest.framework in Frameworks */ = {isa = PBXBuildFile; fileRef = 3DEC308A19CD2236009FCCFE /* XCTest.framework */; };
		3DEC308C19CD2236009FCCFE /* Foundation.framework in Frameworks */ = {isa = PBXBuildFile; fileRef = 3DEC306B19CD2236009FCCFE /* Foundation.framework */; };
		3DEC308D19CD2236009FCCFE /* UIKit.framework in Frameworks */ = {isa = PBXBuildFile; fileRef = 3DEC306F19CD2236009FCCFE /* UIKit.framework */; };
		3DEC309519CD2236009FCCFE /* InfoPlist.strings in Resources */ = {isa = PBXBuildFile; fileRef = 3DEC309319CD2236009FCCFE /* InfoPlist.strings */; };
		3DEC309719CD2236009FCCFE /* GameBoxTests.m in Sources */ = {isa = PBXBuildFile; fileRef = 3DEC309619CD2236009FCCFE /* GameBoxTests.m */; };
		3DEC30AF19CD30F9009FCCFE /* VSChannel.m in Sources */ = {isa = PBXBuildFile; fileRef = 3DEC30AC19CD30F9009FCCFE /* VSChannel.m */; };
		3DEC30B019CD30F9009FCCFE /* VSChannelList.m in Sources */ = {isa = PBXBuildFile; fileRef = 3DEC30AE19CD30F9009FCCFE /* VSChannelList.m */; };
		3DEC30B619CD34A8009FCCFE /* VSRequest.m in Sources */ = {isa = PBXBuildFile; fileRef = 3DEC30B519CD34A8009FCCFE /* VSRequest.m */; };
		3DEC30BC19CD60E4009FCCFE /* VSGameDetailInfo.m in Sources */ = {isa = PBXBuildFile; fileRef = 3DEC30BB19CD60E4009FCCFE /* VSGameDetailInfo.m */; };
/* End PBXBuildFile section */

/* Begin PBXContainerItemProxy section */
		3DEC308E19CD2236009FCCFE /* PBXContainerItemProxy */ = {
			isa = PBXContainerItemProxy;
			containerPortal = 3DEC306019CD2236009FCCFE /* Project object */;
			proxyType = 1;
			remoteGlobalIDString = 3DEC306719CD2236009FCCFE;
			remoteInfo = GameBox;
		};
/* End PBXContainerItemProxy section */

/* Begin PBXFileReference section */
		3D3D121119E123D8002116C9 /* VSPageView.h */ = {isa = PBXFileReference; fileEncoding = 4; lastKnownFileType = sourcecode.c.h; path = VSPageView.h; sourceTree = "<group>"; };
		3D3D121219E123D8002116C9 /* VSPageView.m */ = {isa = PBXFileReference; fileEncoding = 4; lastKnownFileType = sourcecode.c.objc; path = VSPageView.m; sourceTree = "<group>"; };
		3D3D121919E126C5002116C9 /* VSHomeController.h */ = {isa = PBXFileReference; fileEncoding = 4; lastKnownFileType = sourcecode.c.h; path = VSHomeController.h; sourceTree = "<group>"; };
		3D3D121A19E126C5002116C9 /* VSHomeController.m */ = {isa = PBXFileReference; fileEncoding = 4; lastKnownFileType = sourcecode.c.objc; path = VSHomeController.m; sourceTree = "<group>"; };
		3D3D121C19E133F8002116C9 /* VSPageControl.m */ = {isa = PBXFileReference; fileEncoding = 4; lastKnownFileType = sourcecode.c.objc; path = VSPageControl.m; sourceTree = "<group>"; };
		3D3D121D19E133F8002116C9 /* VSPageControl.h */ = {isa = PBXFileReference; fileEncoding = 4; lastKnownFileType = sourcecode.c.h; path = VSPageControl.h; sourceTree = "<group>"; };
		3D3D121F19E13532002116C9 /* dot_banner_white@2x.png */ = {isa = PBXFileReference; lastKnownFileType = image.png; name = "dot_banner_white@2x.png"; path = "Resource/dot_banner_white@2x.png"; sourceTree = "<group>"; };
		3D3D122019E13532002116C9 /* dot_banner_red@2x.png */ = {isa = PBXFileReference; lastKnownFileType = image.png; name = "dot_banner_red@2x.png"; path = "Resource/dot_banner_red@2x.png"; sourceTree = "<group>"; };
		3D3D122319E1456B002116C9 /* btn_play_release@2x.png */ = {isa = PBXFileReference; lastKnownFileType = image.png; name = "btn_play_release@2x.png"; path = "Resource/btn_play_release@2x.png"; sourceTree = "<group>"; };
		3D3D122519E14E27002116C9 /* btn_Alternative_new@2x.png */ = {isa = PBXFileReference; lastKnownFileType = image.png; name = "btn_Alternative_new@2x.png"; path = "Resource/btn_Alternative_new@2x.png"; sourceTree = "<group>"; };
		3D3D122619E14E27002116C9 /* btn_Alternative_hot@2x.png */ = {isa = PBXFileReference; lastKnownFileType = image.png; name = "btn_Alternative_hot@2x.png"; path = "Resource/btn_Alternative_hot@2x.png"; sourceTree = "<group>"; };
		3D81717B19CD722500125961 /* VSUsersGameResult.h */ = {isa = PBXFileReference; fileEncoding = 4; lastKnownFileType = sourcecode.c.h; path = VSUsersGameResult.h; sourceTree = "<group>"; };
		3D81717E19CD751900125961 /* VSChannelViewController.h */ = {isa = PBXFileReference; fileEncoding = 4; lastKnownFileType = sourcecode.c.h; path = VSChannelViewController.h; sourceTree = "<group>"; };
		3D81717F19CD751900125961 /* VSChannelViewController.m */ = {isa = PBXFileReference; fileEncoding = 4; lastKnownFileType = sourcecode.c.objc; path = VSChannelViewController.m; sourceTree = "<group>"; };
		3D81718119CD757D00125961 /* VSChannelSwitch.h */ = {isa = PBXFileReference; fileEncoding = 4; lastKnownFileType = sourcecode.c.h; path = VSChannelSwitch.h; sourceTree = "<group>"; };
		3D81718219CD757D00125961 /* VSChannelSwitch.m */ = {isa = PBXFileReference; fileEncoding = 4; lastKnownFileType = sourcecode.c.objc; path = VSChannelSwitch.m; sourceTree = "<group>"; };
		3D8B58D819E0F965007F075B /* VSGalleryTableViewCell.h */ = {isa = PBXFileReference; fileEncoding = 4; lastKnownFileType = sourcecode.c.h; path = VSGalleryTableViewCell.h; sourceTree = "<group>"; };
		3D8B58D919E0F965007F075B /* VSGalleryTableViewCell.m */ = {isa = PBXFileReference; fileEncoding = 4; lastKnownFileType = sourcecode.c.objc; path = VSGalleryTableViewCell.m; sourceTree = "<group>"; };
		3D8B58DB19E0F983007F075B /* VSBroastTableViewCell.h */ = {isa = PBXFileReference; fileEncoding = 4; lastKnownFileType = sourcecode.c.h; path = VSBroastTableViewCell.h; sourceTree = "<group>"; };
		3D8B58DC19E0F983007F075B /* VSBroastTableViewCell.m */ = {isa = PBXFileReference; fileEncoding = 4; lastKnownFileType = sourcecode.c.objc; path = VSBroastTableViewCell.m; sourceTree = "<group>"; };
		3D8B58DE19E0F99B007F075B /* VSGameAbstractTableViewCell.h */ = {isa = PBXFileReference; fileEncoding = 4; lastKnownFileType = sourcecode.c.h; path = VSGameAbstractTableViewCell.h; sourceTree = "<group>"; };
		3D8B58DF19E0F99B007F075B /* VSGameAbstractTableViewCell.m */ = {isa = PBXFileReference; fileEncoding = 4; lastKnownFileType = sourcecode.c.objc; path = VSGameAbstractTableViewCell.m; sourceTree = "<group>"; };
		3D90421919D9049600C26CD9 /* VSSessionManager.h */ = {isa = PBXFileReference; fileEncoding = 4; lastKnownFileType = sourcecode.c.h; path = VSSessionManager.h; sourceTree = "<group>"; };
		3D90421A19D9049600C26CD9 /* VSSessionManager.m */ = {isa = PBXFileReference; fileEncoding = 4; lastKnownFileType = sourcecode.c.objc; path = VSSessionManager.m; sourceTree = "<group>"; };
		3D90421D19D905AF00C26CD9 /* VSPassport.h */ = {isa = PBXFileReference; fileEncoding = 4; lastKnownFileType = sourcecode.c.h; path = VSPassport.h; sourceTree = "<group>"; };
		3D90421E19D905AF00C26CD9 /* VSPassport.m */ = {isa = PBXFileReference; fileEncoding = 4; lastKnownFileType = sourcecode.c.objc; path = VSPassport.m; sourceTree = "<group>"; };
		3D90422019D905C200C26CD9 /* VSTempPassport.h */ = {isa = PBXFileReference; fileEncoding = 4; lastKnownFileType = sourcecode.c.h; path = VSTempPassport.h; sourceTree = "<group>"; };
		3D90422119D905C200C26CD9 /* VSTempPassport.m */ = {isa = PBXFileReference; fileEncoding = 4; lastKnownFileType = sourcecode.c.objc; path = VSTempPassport.m; sourceTree = "<group>"; };
		3D90422319D908EC00C26CD9 /* VSLoginMessage.h */ = {isa = PBXFileReference; fileEncoding = 4; lastKnownFileType = sourcecode.c.h; path = VSLoginMessage.h; sourceTree = "<group>"; };
		3D90422419D908EC00C26CD9 /* VSLoginMessage.m */ = {isa = PBXFileReference; fileEncoding = 4; lastKnownFileType = sourcecode.c.objc; path = VSLoginMessage.m; sourceTree = "<group>"; };
		3D90422619D9090E00C26CD9 /* VSTempLoginMessage.h */ = {isa = PBXFileReference; fileEncoding = 4; lastKnownFileType = sourcecode.c.h; path = VSTempLoginMessage.h; sourceTree = "<group>"; };
		3D90422719D9090E00C26CD9 /* VSTempLoginMessage.m */ = {isa = PBXFileReference; fileEncoding = 4; lastKnownFileType = sourcecode.c.objc; path = VSTempLoginMessage.m; sourceTree = "<group>"; };
		3D90422919D9092C00C26CD9 /* VSParamLoginMessage.h */ = {isa = PBXFileReference; fileEncoding = 4; lastKnownFileType = sourcecode.c.h; path = VSParamLoginMessage.h; sourceTree = "<group>"; };
		3D90422A19D9092C00C26CD9 /* VSParamLoginMessage.m */ = {isa = PBXFileReference; fileEncoding = 4; lastKnownFileType = sourcecode.c.objc; path = VSParamLoginMessage.m; sourceTree = "<group>"; };
		3D90422C19D90ABE00C26CD9 /* VSGamePassport.h */ = {isa = PBXFileReference; fileEncoding = 4; lastKnownFileType = sourcecode.c.h; path = VSGamePassport.h; sourceTree = "<group>"; };
		3D90422D19D90ABE00C26CD9 /* VSGamePassport.m */ = {isa = PBXFileReference; fileEncoding = 4; lastKnownFileType = sourcecode.c.objc; path = VSGamePassport.m; sourceTree = "<group>"; };
		3D90423119D94E2400C26CD9 /* VSLoginViewController.h */ = {isa = PBXFileReference; fileEncoding = 4; lastKnownFileType = sourcecode.c.h; path = VSLoginViewController.h; sourceTree = "<group>"; };
		3D90423219D94E2400C26CD9 /* VSLoginViewController.m */ = {isa = PBXFileReference; fileEncoding = 4; lastKnownFileType = sourcecode.c.objc; path = VSLoginViewController.m; sourceTree = "<group>"; };
		3D90423419D953C500C26CD9 /* VSHomeViewController.h */ = {isa = PBXFileReference; fileEncoding = 4; lastKnownFileType = sourcecode.c.h; path = VSHomeViewController.h; sourceTree = "<group>"; };
		3D90423519D953C500C26CD9 /* VSHomeViewController.m */ = {isa = PBXFileReference; fileEncoding = 4; lastKnownFileType = sourcecode.c.objc; path = VSHomeViewController.m; sourceTree = "<group>"; };
		3D97A83D19DA51D8005468F5 /* M2DHudView.bundle */ = {isa = PBXFileReference; lastKnownFileType = "wrapper.plug-in"; path = M2DHudView.bundle; sourceTree = "<group>"; };
		3D97A83E19DA51D8005468F5 /* M2DHudView.h */ = {isa = PBXFileReference; fileEncoding = 4; lastKnownFileType = sourcecode.c.h; path = M2DHudView.h; sourceTree = "<group>"; };
		3D97A83F19DA51D8005468F5 /* M2DHudView.m */ = {isa = PBXFileReference; fileEncoding = 4; lastKnownFileType = sourcecode.c.objc; path = M2DHudView.m; sourceTree = "<group>"; };
		3D97A84219DA52B6005468F5 /* VSCommon.h */ = {isa = PBXFileReference; lastKnownFileType = sourcecode.c.h; path = VSCommon.h; sourceTree = "<group>"; };
		3D97A84519DA9D66005468F5 /* VSFavorGame.h */ = {isa = PBXFileReference; fileEncoding = 4; lastKnownFileType = sourcecode.c.h; path = VSFavorGame.h; sourceTree = "<group>"; };
		3D97A84619DA9D66005468F5 /* VSFavorGame.m */ = {isa = PBXFileReference; fileEncoding = 4; lastKnownFileType = sourcecode.c.objc; path = VSFavorGame.m; sourceTree = "<group>"; };
		3D97A84819DA9E4C005468F5 /* VSGameText.h */ = {isa = PBXFileReference; fileEncoding = 4; lastKnownFileType = sourcecode.c.h; path = VSGameText.h; sourceTree = "<group>"; };
		3D97A84919DA9E4C005468F5 /* VSGameText.m */ = {isa = PBXFileReference; fileEncoding = 4; lastKnownFileType = sourcecode.c.objc; path = VSGameText.m; sourceTree = "<group>"; };
		3D97A84B19DAA22B005468F5 /* VSGameBroadcast.h */ = {isa = PBXFileReference; fileEncoding = 4; lastKnownFileType = sourcecode.c.h; path = VSGameBroadcast.h; sourceTree = "<group>"; };
		3D97A84C19DAA22B005468F5 /* VSGameBroadcast.m */ = {isa = PBXFileReference; fileEncoding = 4; lastKnownFileType = sourcecode.c.objc; path = VSGameBroadcast.m; sourceTree = "<group>"; };
		3D9879FA19E26B8D0069C26F /* VSBroastView.h */ = {isa = PBXFileReference; fileEncoding = 4; lastKnownFileType = sourcecode.c.h; path = VSBroastView.h; sourceTree = "<group>"; };
		3D9879FB19E26B8D0069C26F /* VSBroastView.m */ = {isa = PBXFileReference; fileEncoding = 4; lastKnownFileType = sourcecode.c.objc; path = VSBroastView.m; sourceTree = "<group>"; };
		3D9879FD19E26BB20069C26F /* VSBroast.h */ = {isa = PBXFileReference; fileEncoding = 4; lastKnownFileType = sourcecode.c.h; path = VSBroast.h; sourceTree = "<group>"; };
		3D9879FE19E26BB20069C26F /* VSBroast.m */ = {isa = PBXFileReference; fileEncoding = 4; lastKnownFileType = sourcecode.c.objc; path = VSBroast.m; sourceTree = "<group>"; };
		3D987A0019E26BFC0069C26F /* VSGameDetailInfoView.h */ = {isa = PBXFileReference; fileEncoding = 4; lastKnownFileType = sourcecode.c.h; path = VSGameDetailInfoView.h; sourceTree = "<group>"; };
		3D987A0119E26BFC0069C26F /* VSGameDetailInfoView.m */ = {isa = PBXFileReference; fileEncoding = 4; lastKnownFileType = sourcecode.c.objc; path = VSGameDetailInfoView.m; sourceTree = "<group>"; };
		3D987A0319E26C100069C26F /* VSGameIntroduceView.h */ = {isa = PBXFileReference; fileEncoding = 4; lastKnownFileType = sourcecode.c.h; path = VSGameIntroduceView.h; sourceTree = "<group>"; };
		3D987A0419E26C100069C26F /* VSGameIntroduceView.m */ = {isa = PBXFileReference; fileEncoding = 4; lastKnownFileType = sourcecode.c.objc; path = VSGameIntroduceView.m; sourceTree = "<group>"; };
		3D987A0919E28DA80069C26F /* btn_userhome@2x.png */ = {isa = PBXFileReference; lastKnownFileType = image.png; name = "btn_userhome@2x.png"; path = "Resource/btn_userhome@2x.png"; sourceTree = "<group>"; };
		3D987A0D19E299A00069C26F /* VSDetailGalleryView.h */ = {isa = PBXFileReference; fileEncoding = 4; lastKnownFileType = sourcecode.c.h; path = VSDetailGalleryView.h; sourceTree = "<group>"; };
		3D987A0E19E299A00069C26F /* VSDetailGalleryView.m */ = {isa = PBXFileReference; fileEncoding = 4; lastKnownFileType = sourcecode.c.objc; path = VSDetailGalleryView.m; sourceTree = "<group>"; };
		3D987A1019E299BB0069C26F /* VSRankingView.h */ = {isa = PBXFileReference; fileEncoding = 4; lastKnownFileType = sourcecode.c.h; path = VSRankingView.h; sourceTree = "<group>"; };
		3D987A1119E299BB0069C26F /* VSRankingView.m */ = {isa = PBXFileReference; fileEncoding = 4; lastKnownFileType = sourcecode.c.objc; path = VSRankingView.m; sourceTree = "<group>"; };
		3D9F174C19E4E96A0090C101 /* VSIndividualCenterViewController.h */ = {isa = PBXFileReference; fileEncoding = 4; lastKnownFileType = sourcecode.c.h; path = VSIndividualCenterViewController.h; sourceTree = "<group>"; };
		3D9F174D19E4E96A0090C101 /* VSIndividualCenterViewController.m */ = {isa = PBXFileReference; fileEncoding = 4; lastKnownFileType = sourcecode.c.objc; path = VSIndividualCenterViewController.m; sourceTree = "<group>"; };
		3D9F174F19E4E9CF0090C101 /* VSEditUserInfoViewController.h */ = {isa = PBXFileReference; fileEncoding = 4; lastKnownFileType = sourcecode.c.h; path = VSEditUserInfoViewController.h; sourceTree = "<group>"; };
		3D9F175019E4E9CF0090C101 /* VSEditUserInfoViewController.m */ = {isa = PBXFileReference; fileEncoding = 4; lastKnownFileType = sourcecode.c.objc; path = VSEditUserInfoViewController.m; sourceTree = "<group>"; };
		3D9F175219E4E9E30090C101 /* VSPlayerPKViewController.h */ = {isa = PBXFileReference; fileEncoding = 4; lastKnownFileType = sourcecode.c.h; path = VSPlayerPKViewController.h; sourceTree = "<group>"; };
		3D9F175319E4E9E30090C101 /* VSPlayerPKViewController.m */ = {isa = PBXFileReference; fileEncoding = 4; lastKnownFileType = sourcecode.c.objc; path = VSPlayerPKViewController.m; sourceTree = "<group>"; };
		3D9F175519E516C40090C101 /* head_default_big@2x.png */ = {isa = PBXFileReference; lastKnownFileType = image.png; name = "head_default_big@2x.png"; path = "Resource/head_default_big@2x.png"; sourceTree = "<group>"; };
		3D9F175619E516C40090C101 /* btn_share_pressed@2x.png */ = {isa = PBXFileReference; lastKnownFileType = image.png; name = "btn_share_pressed@2x.png"; path = "Resource/btn_share_pressed@2x.png"; sourceTree = "<group>"; };
		3D9F175719E516C40090C101 /* btn_rank_pressed@2x.png */ = {isa = PBXFileReference; lastKnownFileType = image.png; name = "btn_rank_pressed@2x.png"; path = "Resource/btn_rank_pressed@2x.png"; sourceTree = "<group>"; };
		3D9F175819E516C40090C101 /* btn_edit@2x.png */ = {isa = PBXFileReference; lastKnownFileType = image.png; name = "btn_edit@2x.png"; path = "Resource/btn_edit@2x.png"; sourceTree = "<group>"; };
		3D9F175919E516C40090C101 /* btn_detele_pressed@2x.png */ = {isa = PBXFileReference; lastKnownFileType = image.png; name = "btn_detele_pressed@2x.png"; path = "Resource/btn_detele_pressed@2x.png"; sourceTree = "<group>"; };
		3D9F175F19E51CEB0090C101 /* VSUsersGameResult.m */ = {isa = PBXFileReference; fileEncoding = 4; lastKnownFileType = sourcecode.c.objc; path = VSUsersGameResult.m; sourceTree = "<group>"; };
		3D9F177519E551AC0090C101 /* MKAnnotationView+WebCache.h */ = {isa = PBXFileReference; fileEncoding = 4; lastKnownFileType = sourcecode.c.h; path = "MKAnnotationView+WebCache.h"; sourceTree = "<group>"; };
		3D9F177619E551AC0090C101 /* MKAnnotationView+WebCache.m */ = {isa = PBXFileReference; fileEncoding = 4; lastKnownFileType = sourcecode.c.objc; path = "MKAnnotationView+WebCache.m"; sourceTree = "<group>"; };
		3D9F177719E551AC0090C101 /* NSData+ImageContentType.h */ = {isa = PBXFileReference; fileEncoding = 4; lastKnownFileType = sourcecode.c.h; path = "NSData+ImageContentType.h"; sourceTree = "<group>"; };
		3D9F177819E551AC0090C101 /* NSData+ImageContentType.m */ = {isa = PBXFileReference; fileEncoding = 4; lastKnownFileType = sourcecode.c.objc; path = "NSData+ImageContentType.m"; sourceTree = "<group>"; };
		3D9F177919E551AC0090C101 /* SDImageCache.h */ = {isa = PBXFileReference; fileEncoding = 4; lastKnownFileType = sourcecode.c.h; path = SDImageCache.h; sourceTree = "<group>"; };
		3D9F177A19E551AC0090C101 /* SDImageCache.m */ = {isa = PBXFileReference; fileEncoding = 4; lastKnownFileType = sourcecode.c.objc; path = SDImageCache.m; sourceTree = "<group>"; };
		3D9F177B19E551AC0090C101 /* SDWebImageCompat.h */ = {isa = PBXFileReference; fileEncoding = 4; lastKnownFileType = sourcecode.c.h; path = SDWebImageCompat.h; sourceTree = "<group>"; };
		3D9F177C19E551AC0090C101 /* SDWebImageCompat.m */ = {isa = PBXFileReference; fileEncoding = 4; lastKnownFileType = sourcecode.c.objc; path = SDWebImageCompat.m; sourceTree = "<group>"; };
		3D9F177D19E551AC0090C101 /* SDWebImageDecoder.h */ = {isa = PBXFileReference; fileEncoding = 4; lastKnownFileType = sourcecode.c.h; path = SDWebImageDecoder.h; sourceTree = "<group>"; };
		3D9F177E19E551AC0090C101 /* SDWebImageDecoder.m */ = {isa = PBXFileReference; fileEncoding = 4; lastKnownFileType = sourcecode.c.objc; path = SDWebImageDecoder.m; sourceTree = "<group>"; };
		3D9F177F19E551AC0090C101 /* SDWebImageDownloader.h */ = {isa = PBXFileReference; fileEncoding = 4; lastKnownFileType = sourcecode.c.h; path = SDWebImageDownloader.h; sourceTree = "<group>"; };
		3D9F178019E551AC0090C101 /* SDWebImageDownloader.m */ = {isa = PBXFileReference; fileEncoding = 4; lastKnownFileType = sourcecode.c.objc; path = SDWebImageDownloader.m; sourceTree = "<group>"; };
		3D9F178119E551AC0090C101 /* SDWebImageDownloaderOperation.h */ = {isa = PBXFileReference; fileEncoding = 4; lastKnownFileType = sourcecode.c.h; path = SDWebImageDownloaderOperation.h; sourceTree = "<group>"; };
		3D9F178219E551AC0090C101 /* SDWebImageDownloaderOperation.m */ = {isa = PBXFileReference; fileEncoding = 4; lastKnownFileType = sourcecode.c.objc; path = SDWebImageDownloaderOperation.m; sourceTree = "<group>"; };
		3D9F178319E551AC0090C101 /* SDWebImageManager.h */ = {isa = PBXFileReference; fileEncoding = 4; lastKnownFileType = sourcecode.c.h; path = SDWebImageManager.h; sourceTree = "<group>"; };
		3D9F178419E551AC0090C101 /* SDWebImageManager.m */ = {isa = PBXFileReference; fileEncoding = 4; lastKnownFileType = sourcecode.c.objc; path = SDWebImageManager.m; sourceTree = "<group>"; };
		3D9F178519E551AC0090C101 /* SDWebImageOperation.h */ = {isa = PBXFileReference; fileEncoding = 4; lastKnownFileType = sourcecode.c.h; path = SDWebImageOperation.h; sourceTree = "<group>"; };
		3D9F178619E551AC0090C101 /* SDWebImagePrefetcher.h */ = {isa = PBXFileReference; fileEncoding = 4; lastKnownFileType = sourcecode.c.h; path = SDWebImagePrefetcher.h; sourceTree = "<group>"; };
		3D9F178719E551AC0090C101 /* SDWebImagePrefetcher.m */ = {isa = PBXFileReference; fileEncoding = 4; lastKnownFileType = sourcecode.c.objc; path = SDWebImagePrefetcher.m; sourceTree = "<group>"; };
		3D9F178819E551AC0090C101 /* UIButton+WebCache.h */ = {isa = PBXFileReference; fileEncoding = 4; lastKnownFileType = sourcecode.c.h; path = "UIButton+WebCache.h"; sourceTree = "<group>"; };
		3D9F178919E551AC0090C101 /* UIButton+WebCache.m */ = {isa = PBXFileReference; fileEncoding = 4; lastKnownFileType = sourcecode.c.objc; path = "UIButton+WebCache.m"; sourceTree = "<group>"; };
		3D9F178A19E551AC0090C101 /* UIImage+GIF.h */ = {isa = PBXFileReference; fileEncoding = 4; lastKnownFileType = sourcecode.c.h; path = "UIImage+GIF.h"; sourceTree = "<group>"; };
		3D9F178B19E551AC0090C101 /* UIImage+GIF.m */ = {isa = PBXFileReference; fileEncoding = 4; lastKnownFileType = sourcecode.c.objc; path = "UIImage+GIF.m"; sourceTree = "<group>"; };
		3D9F178C19E551AC0090C101 /* UIImage+MultiFormat.h */ = {isa = PBXFileReference; fileEncoding = 4; lastKnownFileType = sourcecode.c.h; path = "UIImage+MultiFormat.h"; sourceTree = "<group>"; };
		3D9F178D19E551AC0090C101 /* UIImage+MultiFormat.m */ = {isa = PBXFileReference; fileEncoding = 4; lastKnownFileType = sourcecode.c.objc; path = "UIImage+MultiFormat.m"; sourceTree = "<group>"; };
		3D9F178E19E551AC0090C101 /* UIImage+WebP.h */ = {isa = PBXFileReference; fileEncoding = 4; lastKnownFileType = sourcecode.c.h; path = "UIImage+WebP.h"; sourceTree = "<group>"; };
		3D9F178F19E551AC0090C101 /* UIImage+WebP.m */ = {isa = PBXFileReference; fileEncoding = 4; lastKnownFileType = sourcecode.c.objc; path = "UIImage+WebP.m"; sourceTree = "<group>"; };
		3D9F179019E551AC0090C101 /* UIImageView+HighlightedWebCache.h */ = {isa = PBXFileReference; fileEncoding = 4; lastKnownFileType = sourcecode.c.h; path = "UIImageView+HighlightedWebCache.h"; sourceTree = "<group>"; };
		3D9F179119E551AC0090C101 /* UIImageView+HighlightedWebCache.m */ = {isa = PBXFileReference; fileEncoding = 4; lastKnownFileType = sourcecode.c.objc; path = "UIImageView+HighlightedWebCache.m"; sourceTree = "<group>"; };
		3D9F179219E551AC0090C101 /* UIImageView+WebCache.h */ = {isa = PBXFileReference; fileEncoding = 4; lastKnownFileType = sourcecode.c.h; path = "UIImageView+WebCache.h"; sourceTree = "<group>"; };
		3D9F179319E551AC0090C101 /* UIImageView+WebCache.m */ = {isa = PBXFileReference; fileEncoding = 4; lastKnownFileType = sourcecode.c.objc; path = "UIImageView+WebCache.m"; sourceTree = "<group>"; };
		3D9F179419E551AC0090C101 /* UIView+WebCacheOperation.h */ = {isa = PBXFileReference; fileEncoding = 4; lastKnownFileType = sourcecode.c.h; path = "UIView+WebCacheOperation.h"; sourceTree = "<group>"; };
		3D9F179519E551AC0090C101 /* UIView+WebCacheOperation.m */ = {isa = PBXFileReference; fileEncoding = 4; lastKnownFileType = sourcecode.c.objc; path = "UIView+WebCacheOperation.m"; sourceTree = "<group>"; };
		3D9F17A619E552390090C101 /* VSImageView.h */ = {isa = PBXFileReference; fileEncoding = 4; lastKnownFileType = sourcecode.c.h; path = VSImageView.h; sourceTree = "<group>"; };
		3D9F17A719E552390090C101 /* VSImageView.m */ = {isa = PBXFileReference; fileEncoding = 4; lastKnownFileType = sourcecode.c.objc; path = VSImageView.m; sourceTree = "<group>"; };
		3DA7965F19E3922D00AB1340 /* btn_back@2x.png */ = {isa = PBXFileReference; lastKnownFileType = image.png; name = "btn_back@2x.png"; path = "Resource/btn_back@2x.png"; sourceTree = "<group>"; };
		3DA7966119E3934E00AB1340 /* VSBackBarButtonItem.m */ = {isa = PBXFileReference; fileEncoding = 4; lastKnownFileType = sourcecode.c.objc; path = VSBackBarButtonItem.m; sourceTree = "<group>"; };
		3DA7966219E3934E00AB1340 /* VSBackBarButtonItem.h */ = {isa = PBXFileReference; fileEncoding = 4; lastKnownFileType = sourcecode.c.h; path = VSBackBarButtonItem.h; sourceTree = "<group>"; };
		3DA7966719E3BEA400AB1340 /* VSRankingInfo.h */ = {isa = PBXFileReference; fileEncoding = 4; lastKnownFileType = sourcecode.c.h; path = VSRankingInfo.h; sourceTree = "<group>"; };
		3DA7966819E3BEA400AB1340 /* VSRankingInfo.m */ = {isa = PBXFileReference; fileEncoding = 4; lastKnownFileType = sourcecode.c.objc; path = VSRankingInfo.m; sourceTree = "<group>"; };
		3DA7966A19E3C3EC00AB1340 /* VSRankTableViewCell.h */ = {isa = PBXFileReference; fileEncoding = 4; lastKnownFileType = sourcecode.c.h; path = VSRankTableViewCell.h; sourceTree = "<group>"; };
		3DA7966B19E3C3EC00AB1340 /* VSRankTableViewCell.m */ = {isa = PBXFileReference; fileEncoding = 4; lastKnownFileType = sourcecode.c.objc; path = VSRankTableViewCell.m; sourceTree = "<group>"; };
		3DA7966D19E3C96A00AB1340 /* triangle_red_down@2x.png */ = {isa = PBXFileReference; lastKnownFileType = image.png; name = "triangle_red_down@2x.png"; path = "Resource/triangle_red_down@2x.png"; sourceTree = "<group>"; };
		3DA7966E19E3C96A00AB1340 /* triangle_green_up@2x.png */ = {isa = PBXFileReference; lastKnownFileType = image.png; name = "triangle_green_up@2x.png"; path = "Resource/triangle_green_up@2x.png"; sourceTree = "<group>"; };
		3DA7966F19E3C96A00AB1340 /* symbol_male@2x.png */ = {isa = PBXFileReference; lastKnownFileType = image.png; name = "symbol_male@2x.png"; path = "Resource/symbol_male@2x.png"; sourceTree = "<group>"; };
		3DA7967019E3C96A00AB1340 /* symbol_female@2x.png */ = {isa = PBXFileReference; lastKnownFileType = image.png; name = "symbol_female@2x.png"; path = "Resource/symbol_female@2x.png"; sourceTree = "<group>"; };
		3DA7967519E3D11200AB1340 /* btn_pk_released@2x.png */ = {isa = PBXFileReference; lastKnownFileType = image.png; name = "btn_pk_released@2x.png"; path = "Resource/btn_pk_released@2x.png"; sourceTree = "<group>"; };
		3DAC904A19D2A2D60039DAC3 /* game.json */ = {isa = PBXFileReference; fileEncoding = 4; lastKnownFileType = text.json; name = game.json; path = Resource/game.json; sourceTree = "<group>"; };
		3DAC904E19D2B17A0039DAC3 /* VSGameImage.h */ = {isa = PBXFileReference; fileEncoding = 4; lastKnownFileType = sourcecode.c.h; path = VSGameImage.h; sourceTree = "<group>"; };
		3DAC904F19D2B17A0039DAC3 /* VSGameImage.m */ = {isa = PBXFileReference; fileEncoding = 4; lastKnownFileType = sourcecode.c.objc; path = VSGameImage.m; sourceTree = "<group>"; };
		3DAC905119D2B1840039DAC3 /* VSGameHtml.h */ = {isa = PBXFileReference; fileEncoding = 4; lastKnownFileType = sourcecode.c.h; path = VSGameHtml.h; sourceTree = "<group>"; };
		3DAC905219D2B1840039DAC3 /* VSGameHtml.m */ = {isa = PBXFileReference; fileEncoding = 4; lastKnownFileType = sourcecode.c.objc; path = VSGameHtml.m; sourceTree = "<group>"; };
		3DAC905419D2B7530039DAC3 /* VSGameDetailViewController.h */ = {isa = PBXFileReference; fileEncoding = 4; lastKnownFileType = sourcecode.c.h; path = VSGameDetailViewController.h; sourceTree = "<group>"; };
		3DAC905519D2B7530039DAC3 /* VSGameDetailViewController.m */ = {isa = PBXFileReference; fileEncoding = 4; lastKnownFileType = sourcecode.c.objc; path = VSGameDetailViewController.m; sourceTree = "<group>"; };
		3DAC905719D2B7690039DAC3 /* VSGamePlayViewController.h */ = {isa = PBXFileReference; fileEncoding = 4; lastKnownFileType = sourcecode.c.h; path = VSGamePlayViewController.h; sourceTree = "<group>"; };
		3DAC905819D2B7690039DAC3 /* VSGamePlayViewController.m */ = {isa = PBXFileReference; fileEncoding = 4; lastKnownFileType = sourcecode.c.objc; path = VSGamePlayViewController.m; sourceTree = "<group>"; };
		3DEC306819CD2236009FCCFE /* GameBox.app */ = {isa = PBXFileReference; explicitFileType = wrapper.application; includeInIndex = 0; path = GameBox.app; sourceTree = BUILT_PRODUCTS_DIR; };
		3DEC306B19CD2236009FCCFE /* Foundation.framework */ = {isa = PBXFileReference; lastKnownFileType = wrapper.framework; name = Foundation.framework; path = System/Library/Frameworks/Foundation.framework; sourceTree = SDKROOT; };
		3DEC306D19CD2236009FCCFE /* CoreGraphics.framework */ = {isa = PBXFileReference; lastKnownFileType = wrapper.framework; name = CoreGraphics.framework; path = System/Library/Frameworks/CoreGraphics.framework; sourceTree = SDKROOT; };
		3DEC306F19CD2236009FCCFE /* UIKit.framework */ = {isa = PBXFileReference; lastKnownFileType = wrapper.framework; name = UIKit.framework; path = System/Library/Frameworks/UIKit.framework; sourceTree = SDKROOT; };
		3DEC307319CD2236009FCCFE /* GameBox-Info.plist */ = {isa = PBXFileReference; lastKnownFileType = text.plist.xml; path = "GameBox-Info.plist"; sourceTree = "<group>"; };
		3DEC307519CD2236009FCCFE /* en */ = {isa = PBXFileReference; lastKnownFileType = text.plist.strings; name = en; path = en.lproj/InfoPlist.strings; sourceTree = "<group>"; };
		3DEC307719CD2236009FCCFE /* main.m */ = {isa = PBXFileReference; lastKnownFileType = sourcecode.c.objc; path = main.m; sourceTree = "<group>"; };
		3DEC307919CD2236009FCCFE /* GameBox-Prefix.pch */ = {isa = PBXFileReference; lastKnownFileType = sourcecode.c.h; path = "GameBox-Prefix.pch"; sourceTree = "<group>"; };
		3DEC307A19CD2236009FCCFE /* AppDelegate.h */ = {isa = PBXFileReference; lastKnownFileType = sourcecode.c.h; path = AppDelegate.h; sourceTree = "<group>"; };
		3DEC307B19CD2236009FCCFE /* AppDelegate.m */ = {isa = PBXFileReference; lastKnownFileType = sourcecode.c.objc; path = AppDelegate.m; sourceTree = "<group>"; };
		3DEC307E19CD2236009FCCFE /* Base */ = {isa = PBXFileReference; lastKnownFileType = file.storyboard; name = Base; path = Base.lproj/Main.storyboard; sourceTree = "<group>"; };
		3DEC308319CD2236009FCCFE /* Images.xcassets */ = {isa = PBXFileReference; lastKnownFileType = folder.assetcatalog; path = Images.xcassets; sourceTree = "<group>"; };
		3DEC308919CD2236009FCCFE /* GameBoxTests.xctest */ = {isa = PBXFileReference; explicitFileType = wrapper.cfbundle; includeInIndex = 0; path = GameBoxTests.xctest; sourceTree = BUILT_PRODUCTS_DIR; };
		3DEC308A19CD2236009FCCFE /* XCTest.framework */ = {isa = PBXFileReference; lastKnownFileType = wrapper.framework; name = XCTest.framework; path = Library/Frameworks/XCTest.framework; sourceTree = DEVELOPER_DIR; };
		3DEC309219CD2236009FCCFE /* GameBoxTests-Info.plist */ = {isa = PBXFileReference; lastKnownFileType = text.plist.xml; path = "GameBoxTests-Info.plist"; sourceTree = "<group>"; };
		3DEC309419CD2236009FCCFE /* en */ = {isa = PBXFileReference; lastKnownFileType = text.plist.strings; name = en; path = en.lproj/InfoPlist.strings; sourceTree = "<group>"; };
		3DEC309619CD2236009FCCFE /* GameBoxTests.m */ = {isa = PBXFileReference; lastKnownFileType = sourcecode.c.objc; path = GameBoxTests.m; sourceTree = "<group>"; };
		3DEC30AB19CD30F9009FCCFE /* VSChannel.h */ = {isa = PBXFileReference; fileEncoding = 4; lastKnownFileType = sourcecode.c.h; path = VSChannel.h; sourceTree = "<group>"; };
		3DEC30AC19CD30F9009FCCFE /* VSChannel.m */ = {isa = PBXFileReference; fileEncoding = 4; lastKnownFileType = sourcecode.c.objc; path = VSChannel.m; sourceTree = "<group>"; };
		3DEC30AD19CD30F9009FCCFE /* VSChannelList.h */ = {isa = PBXFileReference; fileEncoding = 4; lastKnownFileType = sourcecode.c.h; path = VSChannelList.h; sourceTree = "<group>"; };
		3DEC30AE19CD30F9009FCCFE /* VSChannelList.m */ = {isa = PBXFileReference; fileEncoding = 4; lastKnownFileType = sourcecode.c.objc; path = VSChannelList.m; sourceTree = "<group>"; };
		3DEC30B419CD34A8009FCCFE /* VSRequest.h */ = {isa = PBXFileReference; fileEncoding = 4; lastKnownFileType = sourcecode.c.h; lineEnding = 0; path = VSRequest.h; sourceTree = "<group>"; xcLanguageSpecificationIdentifier = xcode.lang.objcpp; };
		3DEC30B519CD34A8009FCCFE /* VSRequest.m */ = {isa = PBXFileReference; fileEncoding = 4; lastKnownFileType = sourcecode.c.objc; lineEnding = 0; path = VSRequest.m; sourceTree = "<group>"; xcLanguageSpecificationIdentifier = xcode.lang.objc; };
		3DEC30BA19CD60E4009FCCFE /* VSGameDetailInfo.h */ = {isa = PBXFileReference; fileEncoding = 4; lastKnownFileType = sourcecode.c.h; path = VSGameDetailInfo.h; sourceTree = "<group>"; };
		3DEC30BB19CD60E4009FCCFE /* VSGameDetailInfo.m */ = {isa = PBXFileReference; fileEncoding = 4; lastKnownFileType = sourcecode.c.objc; path = VSGameDetailInfo.m; sourceTree = "<group>"; };
/* End PBXFileReference section */

/* Begin PBXFrameworksBuildPhase section */
		3DEC306519CD2236009FCCFE /* Frameworks */ = {
			isa = PBXFrameworksBuildPhase;
			buildActionMask = 2147483647;
			files = (
				3DEC306E19CD2236009FCCFE /* CoreGraphics.framework in Frameworks */,
				3DEC307019CD2236009FCCFE /* UIKit.framework in Frameworks */,
				3DEC306C19CD2236009FCCFE /* Foundation.framework in Frameworks */,
			);
			runOnlyForDeploymentPostprocessing = 0;
		};
		3DEC308619CD2236009FCCFE /* Frameworks */ = {
			isa = PBXFrameworksBuildPhase;
			buildActionMask = 2147483647;
			files = (
				3DEC308B19CD2236009FCCFE /* XCTest.framework in Frameworks */,
				3DEC308D19CD2236009FCCFE /* UIKit.framework in Frameworks */,
				3DEC308C19CD2236009FCCFE /* Foundation.framework in Frameworks */,
			);
			runOnlyForDeploymentPostprocessing = 0;
		};
/* End PBXFrameworksBuildPhase section */

/* Begin PBXGroup section */
		3D3D121819E126C5002116C9 /* Controller */ = {
			isa = PBXGroup;
			children = (
				3D3D121919E126C5002116C9 /* VSHomeController.h */,
				3D3D121A19E126C5002116C9 /* VSHomeController.m */,
			);
			path = Controller;
			sourceTree = "<group>";
		};
		3D90421C19D9049B00C26CD9 /* Session */ = {
			isa = PBXGroup;
			children = (
				3D90423019D90B2E00C26CD9 /* LoginInfo */,
				3D90422F19D90B2400C26CD9 /* Passport */,
				3D90421919D9049600C26CD9 /* VSSessionManager.h */,
				3D90421A19D9049600C26CD9 /* VSSessionManager.m */,
			);
			name = Session;
			sourceTree = "<group>";
		};
		3D90422F19D90B2400C26CD9 /* Passport */ = {
			isa = PBXGroup;
			children = (
				3D90421D19D905AF00C26CD9 /* VSPassport.h */,
				3D90421E19D905AF00C26CD9 /* VSPassport.m */,
				3D90422019D905C200C26CD9 /* VSTempPassport.h */,
				3D90422119D905C200C26CD9 /* VSTempPassport.m */,
				3D90422C19D90ABE00C26CD9 /* VSGamePassport.h */,
				3D90422D19D90ABE00C26CD9 /* VSGamePassport.m */,
			);
			name = Passport;
			sourceTree = "<group>";
		};
		3D90423019D90B2E00C26CD9 /* LoginInfo */ = {
			isa = PBXGroup;
			children = (
				3D90422319D908EC00C26CD9 /* VSLoginMessage.h */,
				3D90422419D908EC00C26CD9 /* VSLoginMessage.m */,
				3D90422619D9090E00C26CD9 /* VSTempLoginMessage.h */,
				3D90422719D9090E00C26CD9 /* VSTempLoginMessage.m */,
				3D90422919D9092C00C26CD9 /* VSParamLoginMessage.h */,
				3D90422A19D9092C00C26CD9 /* VSParamLoginMessage.m */,
			);
			name = LoginInfo;
			sourceTree = "<group>";
		};
		3D97A83819DA4C28005468F5 /* Univesal */ = {
			isa = PBXGroup;
			children = (
				3D97A83C19DA51D8005468F5 /* M2DHudView */,
				3D97A84219DA52B6005468F5 /* VSCommon.h */,
			);
			path = Univesal;
			sourceTree = "<group>";
		};
		3D97A83C19DA51D8005468F5 /* M2DHudView */ = {
			isa = PBXGroup;
			children = (
				3D97A83D19DA51D8005468F5 /* M2DHudView.bundle */,
				3D97A83E19DA51D8005468F5 /* M2DHudView.h */,
				3D97A83F19DA51D8005468F5 /* M2DHudView.m */,
			);
			path = M2DHudView;
			sourceTree = "<group>";
		};
		3D97A84319DA9D3A005468F5 /* Game */ = {
			isa = PBXGroup;
			children = (
				3DEC30BA19CD60E4009FCCFE /* VSGameDetailInfo.h */,
				3DEC30BB19CD60E4009FCCFE /* VSGameDetailInfo.m */,
				3D97A84519DA9D66005468F5 /* VSFavorGame.h */,
				3D97A84619DA9D66005468F5 /* VSFavorGame.m */,
				3D97A84B19DAA22B005468F5 /* VSGameBroadcast.h */,
				3D97A84C19DAA22B005468F5 /* VSGameBroadcast.m */,
				3DA7966719E3BEA400AB1340 /* VSRankingInfo.h */,
				3DA7966819E3BEA400AB1340 /* VSRankingInfo.m */,
			);
			name = Game;
			sourceTree = "<group>";
		};
		3D97A84419DA9D44005468F5 /* User */ = {
			isa = PBXGroup;
			children = (
				3D9F175F19E51CEB0090C101 /* VSUsersGameResult.m */,
				3D81717B19CD722500125961 /* VSUsersGameResult.h */,
			);
			name = User;
			sourceTree = "<group>";
		};
		3D987A0619E283FF0069C26F /* Cell */ = {
			isa = PBXGroup;
			children = (
				3D3D121119E123D8002116C9 /* VSPageView.h */,
				3D3D121219E123D8002116C9 /* VSPageView.m */,
				3DA7966A19E3C3EC00AB1340 /* VSRankTableViewCell.h */,
				3DA7966B19E3C3EC00AB1340 /* VSRankTableViewCell.m */,
				3D8B58D819E0F965007F075B /* VSGalleryTableViewCell.h */,
				3D8B58D919E0F965007F075B /* VSGalleryTableViewCell.m */,
				3D8B58DB19E0F983007F075B /* VSBroastTableViewCell.h */,
				3D8B58DC19E0F983007F075B /* VSBroastTableViewCell.m */,
				3D8B58DE19E0F99B007F075B /* VSGameAbstractTableViewCell.h */,
				3D8B58DF19E0F99B007F075B /* VSGameAbstractTableViewCell.m */,
			);
			name = Cell;
			sourceTree = "<group>";
		};
		3D987A0719E284120069C26F /* SubView */ = {
			isa = PBXGroup;
			children = (
				3DA7966219E3934E00AB1340 /* VSBackBarButtonItem.h */,
				3DA7966119E3934E00AB1340 /* VSBackBarButtonItem.m */,
				3D987A0019E26BFC0069C26F /* VSGameDetailInfoView.h */,
				3D987A0119E26BFC0069C26F /* VSGameDetailInfoView.m */,
				3D987A0319E26C100069C26F /* VSGameIntroduceView.h */,
				3D987A0419E26C100069C26F /* VSGameIntroduceView.m */,
				3D9879FA19E26B8D0069C26F /* VSBroastView.h */,
				3D9879FB19E26B8D0069C26F /* VSBroastView.m */,
				3D3D121C19E133F8002116C9 /* VSPageControl.m */,
				3D3D121D19E133F8002116C9 /* VSPageControl.h */,
				3D81718119CD757D00125961 /* VSChannelSwitch.h */,
				3D81718219CD757D00125961 /* VSChannelSwitch.m */,
				3D987A0D19E299A00069C26F /* VSDetailGalleryView.h */,
				3D987A0E19E299A00069C26F /* VSDetailGalleryView.m */,
				3D987A1019E299BB0069C26F /* VSRankingView.h */,
				3D987A1119E299BB0069C26F /* VSRankingView.m */,
				3D9F17A619E552390090C101 /* VSImageView.h */,
				3D9F17A719E552390090C101 /* VSImageView.m */,
			);
			name = SubView;
			sourceTree = "<group>";
		};
		3D987A0819E284570069C26F /* Login */ = {
			isa = PBXGroup;
			children = (
				3D90423119D94E2400C26CD9 /* VSLoginViewController.h */,
				3D90423219D94E2400C26CD9 /* VSLoginViewController.m */,
			);
			name = Login;
			sourceTree = "<group>";
		};
		3D9F174B19E4E92C0090C101 /* IndividualCenter */ = {
			isa = PBXGroup;
			children = (
				3D9F174C19E4E96A0090C101 /* VSIndividualCenterViewController.h */,
				3D9F174D19E4E96A0090C101 /* VSIndividualCenterViewController.m */,
				3D9F174F19E4E9CF0090C101 /* VSEditUserInfoViewController.h */,
				3D9F175019E4E9CF0090C101 /* VSEditUserInfoViewController.m */,
			);
			name = IndividualCenter;
			sourceTree = "<group>";
		};
		3D9F177419E551AC0090C101 /* SDWebImage */ = {
			isa = PBXGroup;
			children = (
				3D9F177519E551AC0090C101 /* MKAnnotationView+WebCache.h */,
				3D9F177619E551AC0090C101 /* MKAnnotationView+WebCache.m */,
				3D9F177719E551AC0090C101 /* NSData+ImageContentType.h */,
				3D9F177819E551AC0090C101 /* NSData+ImageContentType.m */,
				3D9F177919E551AC0090C101 /* SDImageCache.h */,
				3D9F177A19E551AC0090C101 /* SDImageCache.m */,
				3D9F177B19E551AC0090C101 /* SDWebImageCompat.h */,
				3D9F177C19E551AC0090C101 /* SDWebImageCompat.m */,
				3D9F177D19E551AC0090C101 /* SDWebImageDecoder.h */,
				3D9F177E19E551AC0090C101 /* SDWebImageDecoder.m */,
				3D9F177F19E551AC0090C101 /* SDWebImageDownloader.h */,
				3D9F178019E551AC0090C101 /* SDWebImageDownloader.m */,
				3D9F178119E551AC0090C101 /* SDWebImageDownloaderOperation.h */,
				3D9F178219E551AC0090C101 /* SDWebImageDownloaderOperation.m */,
				3D9F178319E551AC0090C101 /* SDWebImageManager.h */,
				3D9F178419E551AC0090C101 /* SDWebImageManager.m */,
				3D9F178519E551AC0090C101 /* SDWebImageOperation.h */,
				3D9F178619E551AC0090C101 /* SDWebImagePrefetcher.h */,
				3D9F178719E551AC0090C101 /* SDWebImagePrefetcher.m */,
				3D9F178819E551AC0090C101 /* UIButton+WebCache.h */,
				3D9F178919E551AC0090C101 /* UIButton+WebCache.m */,
				3D9F178A19E551AC0090C101 /* UIImage+GIF.h */,
				3D9F178B19E551AC0090C101 /* UIImage+GIF.m */,
				3D9F178C19E551AC0090C101 /* UIImage+MultiFormat.h */,
				3D9F178D19E551AC0090C101 /* UIImage+MultiFormat.m */,
				3D9F178E19E551AC0090C101 /* UIImage+WebP.h */,
				3D9F178F19E551AC0090C101 /* UIImage+WebP.m */,
				3D9F179019E551AC0090C101 /* UIImageView+HighlightedWebCache.h */,
				3D9F179119E551AC0090C101 /* UIImageView+HighlightedWebCache.m */,
				3D9F179219E551AC0090C101 /* UIImageView+WebCache.h */,
				3D9F179319E551AC0090C101 /* UIImageView+WebCache.m */,
				3D9F179419E551AC0090C101 /* UIView+WebCacheOperation.h */,
				3D9F179519E551AC0090C101 /* UIView+WebCacheOperation.m */,
			);
			path = SDWebImage;
			sourceTree = "<group>";
		};
		3DAC904919D2A2C80039DAC3 /* Resource */ = {
			isa = PBXGroup;
			children = (
				3D9F175519E516C40090C101 /* head_default_big@2x.png */,
				3D9F175619E516C40090C101 /* btn_share_pressed@2x.png */,
				3D9F175719E516C40090C101 /* btn_rank_pressed@2x.png */,
				3D9F175819E516C40090C101 /* btn_edit@2x.png */,
				3D9F175919E516C40090C101 /* btn_detele_pressed@2x.png */,
				3DA7967519E3D11200AB1340 /* btn_pk_released@2x.png */,
				3DA7966D19E3C96A00AB1340 /* triangle_red_down@2x.png */,
				3DA7966E19E3C96A00AB1340 /* triangle_green_up@2x.png */,
				3DA7966F19E3C96A00AB1340 /* symbol_male@2x.png */,
				3DA7967019E3C96A00AB1340 /* symbol_female@2x.png */,
				3DA7965F19E3922D00AB1340 /* btn_back@2x.png */,
				3D987A0919E28DA80069C26F /* btn_userhome@2x.png */,
				3D3D122519E14E27002116C9 /* btn_Alternative_new@2x.png */,
				3D3D122619E14E27002116C9 /* btn_Alternative_hot@2x.png */,
				3D3D122319E1456B002116C9 /* btn_play_release@2x.png */,
				3D3D121F19E13532002116C9 /* dot_banner_white@2x.png */,
				3D3D122019E13532002116C9 /* dot_banner_red@2x.png */,
				3DAC904A19D2A2D60039DAC3 /* game.json */,
			);
			name = Resource;
			sourceTree = "<group>";
		};
		3DEC305F19CD2236009FCCFE = {
			isa = PBXGroup;
			children = (
				3DAC904919D2A2C80039DAC3 /* Resource */,
				3DEC307119CD2236009FCCFE /* GameBox */,
				3DEC309019CD2236009FCCFE /* GameBoxTests */,
				3DEC306A19CD2236009FCCFE /* Frameworks */,
				3DEC306919CD2236009FCCFE /* Products */,
			);
			sourceTree = "<group>";
		};
		3DEC306919CD2236009FCCFE /* Products */ = {
			isa = PBXGroup;
			children = (
				3DEC306819CD2236009FCCFE /* GameBox.app */,
				3DEC308919CD2236009FCCFE /* GameBoxTests.xctest */,
			);
			name = Products;
			sourceTree = "<group>";
		};
		3DEC306A19CD2236009FCCFE /* Frameworks */ = {
			isa = PBXGroup;
			children = (
				3DEC306B19CD2236009FCCFE /* Foundation.framework */,
				3DEC306D19CD2236009FCCFE /* CoreGraphics.framework */,
				3DEC306F19CD2236009FCCFE /* UIKit.framework */,
				3DEC308A19CD2236009FCCFE /* XCTest.framework */,
			);
			name = Frameworks;
			sourceTree = "<group>";
		};
		3DEC307119CD2236009FCCFE /* GameBox */ = {
			isa = PBXGroup;
			children = (
				3D9F177419E551AC0090C101 /* SDWebImage */,
				3D3D121819E126C5002116C9 /* Controller */,
				3D97A83819DA4C28005468F5 /* Univesal */,
				3DEC30B319CD34A8009FCCFE /* Source */,
				3DEC30A919CD30F9009FCCFE /* View */,
				3DEC30AA19CD30F9009FCCFE /* Model */,
				3DEC307A19CD2236009FCCFE /* AppDelegate.h */,
				3DEC307B19CD2236009FCCFE /* AppDelegate.m */,
				3DEC307D19CD2236009FCCFE /* Main.storyboard */,
				3DEC308319CD2236009FCCFE /* Images.xcassets */,
				3DEC307219CD2236009FCCFE /* Supporting Files */,
			);
			path = GameBox;
			sourceTree = "<group>";
		};
		3DEC307219CD2236009FCCFE /* Supporting Files */ = {
			isa = PBXGroup;
			children = (
				3DEC307319CD2236009FCCFE /* GameBox-Info.plist */,
				3DEC307419CD2236009FCCFE /* InfoPlist.strings */,
				3DEC307719CD2236009FCCFE /* main.m */,
				3DEC307919CD2236009FCCFE /* GameBox-Prefix.pch */,
			);
			name = "Supporting Files";
			sourceTree = "<group>";
		};
		3DEC309019CD2236009FCCFE /* GameBoxTests */ = {
			isa = PBXGroup;
			children = (
				3DEC309619CD2236009FCCFE /* GameBoxTests.m */,
				3DEC309119CD2236009FCCFE /* Supporting Files */,
			);
			path = GameBoxTests;
			sourceTree = "<group>";
		};
		3DEC309119CD2236009FCCFE /* Supporting Files */ = {
			isa = PBXGroup;
			children = (
				3DEC309219CD2236009FCCFE /* GameBoxTests-Info.plist */,
				3DEC309319CD2236009FCCFE /* InfoPlist.strings */,
			);
			name = "Supporting Files";
			sourceTree = "<group>";
		};
		3DEC30A919CD30F9009FCCFE /* View */ = {
			isa = PBXGroup;
			children = (
				3D9F174B19E4E92C0090C101 /* IndividualCenter */,
				3D987A0719E284120069C26F /* SubView */,
				3D987A0619E283FF0069C26F /* Cell */,
				3D987A0819E284570069C26F /* Login */,
				3D90423419D953C500C26CD9 /* VSHomeViewController.h */,
				3D90423519D953C500C26CD9 /* VSHomeViewController.m */,
				3D81717E19CD751900125961 /* VSChannelViewController.h */,
				3D81717F19CD751900125961 /* VSChannelViewController.m */,
				3DAC905419D2B7530039DAC3 /* VSGameDetailViewController.h */,
				3DAC905519D2B7530039DAC3 /* VSGameDetailViewController.m */,
				3DAC905719D2B7690039DAC3 /* VSGamePlayViewController.h */,
				3DAC905819D2B7690039DAC3 /* VSGamePlayViewController.m */,
				3D9F175219E4E9E30090C101 /* VSPlayerPKViewController.h */,
				3D9F175319E4E9E30090C101 /* VSPlayerPKViewController.m */,
			);
			path = View;
			sourceTree = "<group>";
		};
		3DEC30AA19CD30F9009FCCFE /* Model */ = {
			isa = PBXGroup;
			children = (
				3D97A84419DA9D44005468F5 /* User */,
				3D97A84319DA9D3A005468F5 /* Game */,
				3D90421C19D9049B00C26CD9 /* Session */,
				3DEC30AB19CD30F9009FCCFE /* VSChannel.h */,
				3DEC30AC19CD30F9009FCCFE /* VSChannel.m */,
				3DEC30AD19CD30F9009FCCFE /* VSChannelList.h */,
				3DEC30AE19CD30F9009FCCFE /* VSChannelList.m */,
				3D9879FD19E26BB20069C26F /* VSBroast.h */,
				3D9879FE19E26BB20069C26F /* VSBroast.m */,
			);
			path = Model;
			sourceTree = "<group>";
		};
		3DEC30B319CD34A8009FCCFE /* Source */ = {
			isa = PBXGroup;
			children = (
				3DEC30B419CD34A8009FCCFE /* VSRequest.h */,
				3DEC30B519CD34A8009FCCFE /* VSRequest.m */,
				3DAC904E19D2B17A0039DAC3 /* VSGameImage.h */,
				3DAC904F19D2B17A0039DAC3 /* VSGameImage.m */,
				3DAC905119D2B1840039DAC3 /* VSGameHtml.h */,
				3DAC905219D2B1840039DAC3 /* VSGameHtml.m */,
				3D97A84819DA9E4C005468F5 /* VSGameText.h */,
				3D97A84919DA9E4C005468F5 /* VSGameText.m */,
			);
			path = Source;
			sourceTree = "<group>";
		};
/* End PBXGroup section */

/* Begin PBXNativeTarget section */
		3DEC306719CD2236009FCCFE /* GameBox */ = {
			isa = PBXNativeTarget;
			buildConfigurationList = 3DEC309A19CD2236009FCCFE /* Build configuration list for PBXNativeTarget "GameBox" */;
			buildPhases = (
				3DEC306419CD2236009FCCFE /* Sources */,
				3DEC306519CD2236009FCCFE /* Frameworks */,
				3DEC306619CD2236009FCCFE /* Resources */,
				3DAC904C19D2A3360039DAC3 /* ShellScript */,
			);
			buildRules = (
			);
			dependencies = (
			);
			name = GameBox;
			productName = GameBox;
			productReference = 3DEC306819CD2236009FCCFE /* GameBox.app */;
			productType = "com.apple.product-type.application";
		};
		3DEC308819CD2236009FCCFE /* GameBoxTests */ = {
			isa = PBXNativeTarget;
			buildConfigurationList = 3DEC309D19CD2236009FCCFE /* Build configuration list for PBXNativeTarget "GameBoxTests" */;
			buildPhases = (
				3DEC308519CD2236009FCCFE /* Sources */,
				3DEC308619CD2236009FCCFE /* Frameworks */,
				3DEC308719CD2236009FCCFE /* Resources */,
			);
			buildRules = (
			);
			dependencies = (
				3DEC308F19CD2236009FCCFE /* PBXTargetDependency */,
			);
			name = GameBoxTests;
			productName = GameBoxTests;
			productReference = 3DEC308919CD2236009FCCFE /* GameBoxTests.xctest */;
			productType = "com.apple.product-type.bundle.unit-test";
		};
/* End PBXNativeTarget section */

/* Begin PBXProject section */
		3DEC306019CD2236009FCCFE /* Project object */ = {
			isa = PBXProject;
			attributes = {
				LastUpgradeCheck = 0510;
				ORGANIZATIONNAME = cyggame;
				TargetAttributes = {
					3DEC308819CD2236009FCCFE = {
						TestTargetID = 3DEC306719CD2236009FCCFE;
					};
				};
			};
			buildConfigurationList = 3DEC306319CD2236009FCCFE /* Build configuration list for PBXProject "GameBox" */;
			compatibilityVersion = "Xcode 3.2";
			developmentRegion = English;
			hasScannedForEncodings = 0;
			knownRegions = (
				en,
				Base,
			);
			mainGroup = 3DEC305F19CD2236009FCCFE;
			productRefGroup = 3DEC306919CD2236009FCCFE /* Products */;
			projectDirPath = "";
			projectRoot = "";
			targets = (
				3DEC306719CD2236009FCCFE /* GameBox */,
				3DEC308819CD2236009FCCFE /* GameBoxTests */,
			);
		};
/* End PBXProject section */

/* Begin PBXResourcesBuildPhase section */
		3DEC306619CD2236009FCCFE /* Resources */ = {
			isa = PBXResourcesBuildPhase;
			buildActionMask = 2147483647;
			files = (
				3DA7967419E3C96A00AB1340 /* symbol_female@2x.png in Resources */,
				3DA7966019E3922D00AB1340 /* btn_back@2x.png in Resources */,
				3DA7967319E3C96A00AB1340 /* symbol_male@2x.png in Resources */,
				3DA7967219E3C96A00AB1340 /* triangle_green_up@2x.png in Resources */,
				3D9F175C19E516C40090C101 /* btn_rank_pressed@2x.png in Resources */,
				3D9F175E19E516C40090C101 /* btn_detele_pressed@2x.png in Resources */,
				3DA7967119E3C96A00AB1340 /* triangle_red_down@2x.png in Resources */,
				3D3D122219E13532002116C9 /* dot_banner_red@2x.png in Resources */,
				3DEC308419CD2236009FCCFE /* Images.xcassets in Resources */,
				3D3D122819E14E27002116C9 /* btn_Alternative_hot@2x.png in Resources */,
				3DEC307619CD2236009FCCFE /* InfoPlist.strings in Resources */,
				3D97A84019DA51D8005468F5 /* M2DHudView.bundle in Resources */,
				3DA7967619E3D11200AB1340 /* btn_pk_released@2x.png in Resources */,
				3D9F175A19E516C40090C101 /* head_default_big@2x.png in Resources */,
				3D3D122719E14E27002116C9 /* btn_Alternative_new@2x.png in Resources */,
				3DEC307F19CD2236009FCCFE /* Main.storyboard in Resources */,
				3D9F175D19E516C40090C101 /* btn_edit@2x.png in Resources */,
				3D3D122419E1456B002116C9 /* btn_play_release@2x.png in Resources */,
				3D9F175B19E516C40090C101 /* btn_share_pressed@2x.png in Resources */,
				3DAC904B19D2A2D60039DAC3 /* game.json in Resources */,
				3D987A0A19E28DA80069C26F /* btn_userhome@2x.png in Resources */,
				3D3D122119E13532002116C9 /* dot_banner_white@2x.png in Resources */,
			);
			runOnlyForDeploymentPostprocessing = 0;
		};
		3DEC308719CD2236009FCCFE /* Resources */ = {
			isa = PBXResourcesBuildPhase;
			buildActionMask = 2147483647;
			files = (
				3DEC309519CD2236009FCCFE /* InfoPlist.strings in Resources */,
			);
			runOnlyForDeploymentPostprocessing = 0;
		};
/* End PBXResourcesBuildPhase section */

/* Begin PBXShellScriptBuildPhase section */
		3DAC904C19D2A3360039DAC3 /* ShellScript */ = {
			isa = PBXShellScriptBuildPhase;
			buildActionMask = 2147483647;
			files = (
			);
			inputPaths = (
			);
			outputPaths = (
			);
			runOnlyForDeploymentPostprocessing = 0;
			shellPath = /bin/sh;
			shellScript = "#删除文件夹\nrm -rf \"${BUILT_PRODUCTS_DIR}/${PRODUCT_NAME}.app/game_bundle\"\n\n#创建文件夹\nmkdir -p \"${BUILT_PRODUCTS_DIR}/${PRODUCT_NAME}.app/game_bundle\"\n\ncp -R -f $PROJECT_DIR/Resource/*.bundle $BUILT_PRODUCTS_DIR/${PRODUCT_NAME}.app/game_bundle";
		};
/* End PBXShellScriptBuildPhase section */

/* Begin PBXSourcesBuildPhase section */
		3DEC306419CD2236009FCCFE /* Sources */ = {
			isa = PBXSourcesBuildPhase;
			buildActionMask = 2147483647;
			files = (
				3D90422519D908EC00C26CD9 /* VSLoginMessage.m in Sources */,
				3D90423619D953C500C26CD9 /* VSHomeViewController.m in Sources */,
				3D9F17A819E552390090C101 /* VSImageView.m in Sources */,
				3D3D121319E123D8002116C9 /* VSPageView.m in Sources */,
				3D3D121B19E126C5002116C9 /* VSHomeController.m in Sources */,
				3D81718319CD757D00125961 /* VSChannelSwitch.m in Sources */,
				3D9F179D19E551AC0090C101 /* SDWebImageManager.m in Sources */,
				3D9F174E19E4E96A0090C101 /* VSIndividualCenterViewController.m in Sources */,
				3D987A1219E299BB0069C26F /* VSRankingView.m in Sources */,
				3D9F179A19E551AC0090C101 /* SDWebImageDecoder.m in Sources */,
				3D90422219D905C200C26CD9 /* VSTempPassport.m in Sources */,
				3D9F17A219E551AC0090C101 /* UIImage+WebP.m in Sources */,
				3D9F179619E551AC0090C101 /* MKAnnotationView+WebCache.m in Sources */,
				3D987A0519E26C100069C26F /* VSGameIntroduceView.m in Sources */,
				3DEC30AF19CD30F9009FCCFE /* VSChannel.m in Sources */,
				3DA7966919E3BEA400AB1340 /* VSRankingInfo.m in Sources */,
				3D90422B19D9092C00C26CD9 /* VSParamLoginMessage.m in Sources */,
				3D9F179B19E551AC0090C101 /* SDWebImageDownloader.m in Sources */,
				3D987A0F19E299A00069C26F /* VSDetailGalleryView.m in Sources */,
				3D97A84119DA51D8005468F5 /* M2DHudView.m in Sources */,
				3D9F176019E51CEB0090C101 /* VSUsersGameResult.m in Sources */,
				3D9F17A319E551AC0090C101 /* UIImageView+HighlightedWebCache.m in Sources */,
				3D9F179719E551AC0090C101 /* NSData+ImageContentType.m in Sources */,
				3DAC905019D2B17A0039DAC3 /* VSGameImage.m in Sources */,
				3DEC30B619CD34A8009FCCFE /* VSRequest.m in Sources */,
				3D90421B19D9049600C26CD9 /* VSSessionManager.m in Sources */,
				3DEC307C19CD2236009FCCFE /* AppDelegate.m in Sources */,
				3D9F17A419E551AC0090C101 /* UIImageView+WebCache.m in Sources */,
				3D9F17A119E551AC0090C101 /* UIImage+MultiFormat.m in Sources */,
				3DAC905619D2B7530039DAC3 /* VSGameDetailViewController.m in Sources */,
				3D9F179F19E551AC0090C101 /* UIButton+WebCache.m in Sources */,
				3D90422819D9090E00C26CD9 /* VSTempLoginMessage.m in Sources */,
				3D9F179E19E551AC0090C101 /* SDWebImagePrefetcher.m in Sources */,
				3DEC307819CD2236009FCCFE /* main.m in Sources */,
				3D3D121E19E133F8002116C9 /* VSPageControl.m in Sources */,
				3D9F179919E551AC0090C101 /* SDWebImageCompat.m in Sources */,
				3D97A84719DA9D66005468F5 /* VSFavorGame.m in Sources */,
				3D9879FF19E26BB20069C26F /* VSBroast.m in Sources */,
				3D9F17A019E551AC0090C101 /* UIImage+GIF.m in Sources */,
				3D8B58DD19E0F983007F075B /* VSBroastTableViewCell.m in Sources */,
				3D9F175119E4E9CF0090C101 /* VSEditUserInfoViewController.m in Sources */,
				3DEC30B019CD30F9009FCCFE /* VSChannelList.m in Sources */,
				3D987A0219E26BFC0069C26F /* VSGameDetailInfoView.m in Sources */,
				3DA7966319E3934E00AB1340 /* VSBackBarButtonItem.m in Sources */,
				3D8B58E019E0F99B007F075B /* VSGameAbstractTableViewCell.m in Sources */,
				3D9879FC19E26B8D0069C26F /* VSBroastView.m in Sources */,
				3D9F175419E4E9E30090C101 /* VSPlayerPKViewController.m in Sources */,
				3DEC30BC19CD60E4009FCCFE /* VSGameDetailInfo.m in Sources */,
				3D8B58DA19E0F965007F075B /* VSGalleryTableViewCell.m in Sources */,
				3D90421F19D905AF00C26CD9 /* VSPassport.m in Sources */,
				3D90423319D94E2400C26CD9 /* VSLoginViewController.m in Sources */,
				3D9F179C19E551AC0090C101 /* SDWebImageDownloaderOperation.m in Sources */,
				3D90422E19D90ABE00C26CD9 /* VSGamePassport.m in Sources */,
				3D9F17A519E551AC0090C101 /* UIView+WebCacheOperation.m in Sources */,
				3DA7966C19E3C3EC00AB1340 /* VSRankTableViewCell.m in Sources */,
				3DAC905919D2B7690039DAC3 /* VSGamePlayViewController.m in Sources */,
				3D81718019CD751900125961 /* VSChannelViewController.m in Sources */,
				3D97A84D19DAA22B005468F5 /* VSGameBroadcast.m in Sources */,
				3DAC905319D2B1840039DAC3 /* VSGameHtml.m in Sources */,
				3D9F179819E551AC0090C101 /* SDImageCache.m in Sources */,
				3D97A84A19DA9E4C005468F5 /* VSGameText.m in Sources */,
			);
			runOnlyForDeploymentPostprocessing = 0;
		};
		3DEC308519CD2236009FCCFE /* Sources */ = {
			isa = PBXSourcesBuildPhase;
			buildActionMask = 2147483647;
			files = (
				3DEC309719CD2236009FCCFE /* GameBoxTests.m in Sources */,
			);
			runOnlyForDeploymentPostprocessing = 0;
		};
/* End PBXSourcesBuildPhase section */

/* Begin PBXTargetDependency section */
		3DEC308F19CD2236009FCCFE /* PBXTargetDependency */ = {
			isa = PBXTargetDependency;
			target = 3DEC306719CD2236009FCCFE /* GameBox */;
			targetProxy = 3DEC308E19CD2236009FCCFE /* PBXContainerItemProxy */;
		};
/* End PBXTargetDependency section */

/* Begin PBXVariantGroup section */
		3DEC307419CD2236009FCCFE /* InfoPlist.strings */ = {
			isa = PBXVariantGroup;
			children = (
				3DEC307519CD2236009FCCFE /* en */,
			);
			name = InfoPlist.strings;
			sourceTree = "<group>";
		};
		3DEC307D19CD2236009FCCFE /* Main.storyboard */ = {
			isa = PBXVariantGroup;
			children = (
				3DEC307E19CD2236009FCCFE /* Base */,
			);
			name = Main.storyboard;
			sourceTree = "<group>";
		};
		3DEC309319CD2236009FCCFE /* InfoPlist.strings */ = {
			isa = PBXVariantGroup;
			children = (
				3DEC309419CD2236009FCCFE /* en */,
			);
			name = InfoPlist.strings;
			sourceTree = "<group>";
		};
/* End PBXVariantGroup section */

/* Begin XCBuildConfiguration section */
		3DEC309819CD2236009FCCFE /* Debug */ = {
			isa = XCBuildConfiguration;
			buildSettings = {
				ALWAYS_SEARCH_USER_PATHS = NO;
				CLANG_CXX_LANGUAGE_STANDARD = "gnu++0x";
				CLANG_CXX_LIBRARY = "libc++";
				CLANG_ENABLE_MODULES = YES;
				CLANG_ENABLE_OBJC_ARC = YES;
				CLANG_WARN_BOOL_CONVERSION = YES;
				CLANG_WARN_CONSTANT_CONVERSION = YES;
				CLANG_WARN_DIRECT_OBJC_ISA_USAGE = YES_ERROR;
				CLANG_WARN_EMPTY_BODY = YES;
				CLANG_WARN_ENUM_CONVERSION = YES;
				CLANG_WARN_INT_CONVERSION = YES;
				CLANG_WARN_OBJC_ROOT_CLASS = YES_ERROR;
				CLANG_WARN__DUPLICATE_METHOD_MATCH = YES;
				"CODE_SIGN_IDENTITY[sdk=iphoneos*]" = "iPhone Developer";
				COPY_PHASE_STRIP = NO;
				GCC_C_LANGUAGE_STANDARD = gnu99;
				GCC_DYNAMIC_NO_PIC = NO;
				GCC_OPTIMIZATION_LEVEL = 0;
				GCC_PREPROCESSOR_DEFINITIONS = (
					"DEBUG=1",
					"$(inherited)",
				);
				GCC_SYMBOLS_PRIVATE_EXTERN = NO;
				GCC_WARN_64_TO_32_BIT_CONVERSION = YES;
				GCC_WARN_ABOUT_RETURN_TYPE = YES_ERROR;
				GCC_WARN_UNDECLARED_SELECTOR = YES;
				GCC_WARN_UNINITIALIZED_AUTOS = YES_AGGRESSIVE;
				GCC_WARN_UNUSED_FUNCTION = YES;
				GCC_WARN_UNUSED_VARIABLE = YES;
				IPHONEOS_DEPLOYMENT_TARGET = 7.1;
				ONLY_ACTIVE_ARCH = YES;
				SDKROOT = iphoneos;
			};
			name = Debug;
		};
		3DEC309919CD2236009FCCFE /* Release */ = {
			isa = XCBuildConfiguration;
			buildSettings = {
				ALWAYS_SEARCH_USER_PATHS = NO;
				CLANG_CXX_LANGUAGE_STANDARD = "gnu++0x";
				CLANG_CXX_LIBRARY = "libc++";
				CLANG_ENABLE_MODULES = YES;
				CLANG_ENABLE_OBJC_ARC = YES;
				CLANG_WARN_BOOL_CONVERSION = YES;
				CLANG_WARN_CONSTANT_CONVERSION = YES;
				CLANG_WARN_DIRECT_OBJC_ISA_USAGE = YES_ERROR;
				CLANG_WARN_EMPTY_BODY = YES;
				CLANG_WARN_ENUM_CONVERSION = YES;
				CLANG_WARN_INT_CONVERSION = YES;
				CLANG_WARN_OBJC_ROOT_CLASS = YES_ERROR;
				CLANG_WARN__DUPLICATE_METHOD_MATCH = YES;
				"CODE_SIGN_IDENTITY[sdk=iphoneos*]" = "iPhone Developer";
				COPY_PHASE_STRIP = YES;
				ENABLE_NS_ASSERTIONS = NO;
				GCC_C_LANGUAGE_STANDARD = gnu99;
				GCC_WARN_64_TO_32_BIT_CONVERSION = YES;
				GCC_WARN_ABOUT_RETURN_TYPE = YES_ERROR;
				GCC_WARN_UNDECLARED_SELECTOR = YES;
				GCC_WARN_UNINITIALIZED_AUTOS = YES_AGGRESSIVE;
				GCC_WARN_UNUSED_FUNCTION = YES;
				GCC_WARN_UNUSED_VARIABLE = YES;
				IPHONEOS_DEPLOYMENT_TARGET = 7.1;
				SDKROOT = iphoneos;
				VALIDATE_PRODUCT = YES;
			};
			name = Release;
		};
		3DEC309B19CD2236009FCCFE /* Debug */ = {
			isa = XCBuildConfiguration;
			buildSettings = {
				ASSETCATALOG_COMPILER_APPICON_NAME = AppIcon;
				ASSETCATALOG_COMPILER_LAUNCHIMAGE_NAME = LaunchImage;
				FRAMEWORK_SEARCH_PATHS = (
					"$(inherited)",
					"$(PROJECT_DIR)",
				);
				GCC_PRECOMPILE_PREFIX_HEADER = YES;
				GCC_PREFIX_HEADER = "GameBox/GameBox-Prefix.pch";
				INFOPLIST_FILE = "GameBox/GameBox-Info.plist";
				IPHONEOS_DEPLOYMENT_TARGET = 6.0;
				PRODUCT_NAME = "$(TARGET_NAME)";
				WRAPPER_EXTENSION = app;
			};
			name = Debug;
		};
		3DEC309C19CD2236009FCCFE /* Release */ = {
			isa = XCBuildConfiguration;
			buildSettings = {
				ASSETCATALOG_COMPILER_APPICON_NAME = AppIcon;
				ASSETCATALOG_COMPILER_LAUNCHIMAGE_NAME = LaunchImage;
				FRAMEWORK_SEARCH_PATHS = (
					"$(inherited)",
					"$(PROJECT_DIR)",
				);
				GCC_PRECOMPILE_PREFIX_HEADER = YES;
				GCC_PREFIX_HEADER = "GameBox/GameBox-Prefix.pch";
				INFOPLIST_FILE = "GameBox/GameBox-Info.plist";
				IPHONEOS_DEPLOYMENT_TARGET = 6.0;
				PRODUCT_NAME = "$(TARGET_NAME)";
				WRAPPER_EXTENSION = app;
			};
			name = Release;
		};
		3DEC309E19CD2236009FCCFE /* Debug */ = {
			isa = XCBuildConfiguration;
			buildSettings = {
				BUNDLE_LOADER = "$(BUILT_PRODUCTS_DIR)/GameBox.app/GameBox";
				FRAMEWORK_SEARCH_PATHS = (
					"$(SDKROOT)/Developer/Library/Frameworks",
					"$(inherited)",
					"$(DEVELOPER_FRAMEWORKS_DIR)",
				);
				GCC_PRECOMPILE_PREFIX_HEADER = YES;
				GCC_PREFIX_HEADER = "GameBox/GameBox-Prefix.pch";
				GCC_PREPROCESSOR_DEFINITIONS = (
					"DEBUG=1",
					"$(inherited)",
				);
				INFOPLIST_FILE = "GameBoxTests/GameBoxTests-Info.plist";
				PRODUCT_NAME = "$(TARGET_NAME)";
				TEST_HOST = "$(BUNDLE_LOADER)";
				WRAPPER_EXTENSION = xctest;
			};
			name = Debug;
		};
		3DEC309F19CD2236009FCCFE /* Release */ = {
			isa = XCBuildConfiguration;
			buildSettings = {
				BUNDLE_LOADER = "$(BUILT_PRODUCTS_DIR)/GameBox.app/GameBox";
				FRAMEWORK_SEARCH_PATHS = (
					"$(SDKROOT)/Developer/Library/Frameworks",
					"$(inherited)",
					"$(DEVELOPER_FRAMEWORKS_DIR)",
				);
				GCC_PRECOMPILE_PREFIX_HEADER = YES;
				GCC_PREFIX_HEADER = "GameBox/GameBox-Prefix.pch";
				INFOPLIST_FILE = "GameBoxTests/GameBoxTests-Info.plist";
				PRODUCT_NAME = "$(TARGET_NAME)";
				TEST_HOST = "$(BUNDLE_LOADER)";
				WRAPPER_EXTENSION = xctest;
			};
			name = Release;
		};
/* End XCBuildConfiguration section */

/* Begin XCConfigurationList section */
		3DEC306319CD2236009FCCFE /* Build configuration list for PBXProject "GameBox" */ = {
			isa = XCConfigurationList;
			buildConfigurations = (
				3DEC309819CD2236009FCCFE /* Debug */,
				3DEC309919CD2236009FCCFE /* Release */,
			);
			defaultConfigurationIsVisible = 0;
			defaultConfigurationName = Release;
		};
		3DEC309A19CD2236009FCCFE /* Build configuration list for PBXNativeTarget "GameBox" */ = {
			isa = XCConfigurationList;
			buildConfigurations = (
				3DEC309B19CD2236009FCCFE /* Debug */,
				3DEC309C19CD2236009FCCFE /* Release */,
			);
			defaultConfigurationIsVisible = 0;
			defaultConfigurationName = Release;
		};
		3DEC309D19CD2236009FCCFE /* Build configuration list for PBXNativeTarget "GameBoxTests" */ = {
			isa = XCConfigurationList;
			buildConfigurations = (
				3DEC309E19CD2236009FCCFE /* Debug */,
				3DEC309F19CD2236009FCCFE /* Release */,
			);
			defaultConfigurationIsVisible = 0;
			defaultConfigurationName = Release;
		};
/* End XCConfigurationList section */
	};
	rootObject = 3DEC306019CD2236009FCCFE /* Project object */;
}
